// !$*UTF8*$!
{
	archiveVersion = 1;
	classes = {
	};
	objectVersion = 46;
	objects = {

/* Begin PBXBuildFile section */
		4A05E0361FDC1B6F00C8B8B3 /* drawOSG.cpp in Sources */ = {isa = PBXBuildFile; fileRef = 4A05E0351FDC1B6F00C8B8B3 /* drawOSG.cpp */; };
		4A05E0391FDC1B8300C8B8B3 /* arosg.cpp in Sources */ = {isa = PBXBuildFile; fileRef = 4A05E0381FDC1B8300C8B8B3 /* arosg.cpp */; };
		4A05E03D1FDC1CCD00C8B8B3 /* libosgTerrain.a in Frameworks */ = {isa = PBXBuildFile; fileRef = 4A05E03C1FDC1CCD00C8B8B3 /* libosgTerrain.a */; };
		4A05E0A61FDC1CE500C8B8B3 /* libosgdb_jpeg.a in Frameworks */ = {isa = PBXBuildFile; fileRef = 4A05E03E1FDC1CDC00C8B8B3 /* libosgdb_jpeg.a */; };
		4A05E0A71FDC1CE500C8B8B3 /* libosgViewer.a in Frameworks */ = {isa = PBXBuildFile; fileRef = 4A05E03F1FDC1CDC00C8B8B3 /* libosgViewer.a */; };
		4A05E0A81FDC1CE500C8B8B3 /* libosgdb_deprecated_osgterrain.a in Frameworks */ = {isa = PBXBuildFile; fileRef = 4A05E0401FDC1CDC00C8B8B3 /* libosgdb_deprecated_osgterrain.a */; };
		4A05E0A91FDC1CE500C8B8B3 /* libosgdb_curl.a in Frameworks */ = {isa = PBXBuildFile; fileRef = 4A05E0411FDC1CDC00C8B8B3 /* libosgdb_curl.a */; };
		4A05E0AA1FDC1CE500C8B8B3 /* libosgText.a in Frameworks */ = {isa = PBXBuildFile; fileRef = 4A05E0421FDC1CDC00C8B8B3 /* libosgText.a */; };
		4A05E0AB1FDC1CE500C8B8B3 /* libosgdb_dds.a in Frameworks */ = {isa = PBXBuildFile; fileRef = 4A05E0431FDC1CDC00C8B8B3 /* libosgdb_dds.a */; };
		4A05E0AC1FDC1CE500C8B8B3 /* libosgdb_osg.a in Frameworks */ = {isa = PBXBuildFile; fileRef = 4A05E0441FDC1CDC00C8B8B3 /* libosgdb_osg.a */; };
		4A05E0AD1FDC1CE500C8B8B3 /* libosgVolume.a in Frameworks */ = {isa = PBXBuildFile; fileRef = 4A05E0451FDC1CDC00C8B8B3 /* libosgVolume.a */; };
		4A05E0AE1FDC1CE500C8B8B3 /* libosgdb_osgjs.a in Frameworks */ = {isa = PBXBuildFile; fileRef = 4A05E0461FDC1CDC00C8B8B3 /* libosgdb_osgjs.a */; };
		4A05E0AF1FDC1CE500C8B8B3 /* libosgdb_deprecated_osgviewer.a in Frameworks */ = {isa = PBXBuildFile; fileRef = 4A05E0471FDC1CDC00C8B8B3 /* libosgdb_deprecated_osgviewer.a */; };
		4A05E0B01FDC1CE500C8B8B3 /* libosgdb_serializers_osgmanipulator.a in Frameworks */ = {isa = PBXBuildFile; fileRef = 4A05E0481FDC1CDC00C8B8B3 /* libosgdb_serializers_osgmanipulator.a */; };
		4A05E0B11FDC1CE500C8B8B3 /* libosgdb_glsl.a in Frameworks */ = {isa = PBXBuildFile; fileRef = 4A05E0491FDC1CDC00C8B8B3 /* libosgdb_glsl.a */; };
		4A05E0B21FDC1CE500C8B8B3 /* libosgWidget.a in Frameworks */ = {isa = PBXBuildFile; fileRef = 4A05E04A1FDC1CDC00C8B8B3 /* libosgWidget.a */; };
		4A05E0B31FDC1CE500C8B8B3 /* libosgdb_stl.a in Frameworks */ = {isa = PBXBuildFile; fileRef = 4A05E04B1FDC1CDC00C8B8B3 /* libosgdb_stl.a */; };
		4A05E0B41FDC1CE500C8B8B3 /* libosgdb_rot.a in Frameworks */ = {isa = PBXBuildFile; fileRef = 4A05E04C1FDC1CDC00C8B8B3 /* libosgdb_rot.a */; };
		4A05E0B51FDC1CE500C8B8B3 /* libosgdb_tf.a in Frameworks */ = {isa = PBXBuildFile; fileRef = 4A05E04D1FDC1CDC00C8B8B3 /* libosgdb_tf.a */; };
		4A05E0B61FDC1CE500C8B8B3 /* libosgSim.a in Frameworks */ = {isa = PBXBuildFile; fileRef = 4A05E04E1FDC1CDC00C8B8B3 /* libosgSim.a */; };
		4A05E0B71FDC1CE500C8B8B3 /* libosgdb_deprecated_osgsim.a in Frameworks */ = {isa = PBXBuildFile; fileRef = 4A05E04F1FDC1CDC00C8B8B3 /* libosgdb_deprecated_osgsim.a */; };
		4A05E0B81FDC1CE500C8B8B3 /* libosgdb_ac.a in Frameworks */ = {isa = PBXBuildFile; fileRef = 4A05E0501FDC1CDC00C8B8B3 /* libosgdb_ac.a */; };
		4A05E0B91FDC1CE500C8B8B3 /* libosgDB.a in Frameworks */ = {isa = PBXBuildFile; fileRef = 4A05E0511FDC1CDC00C8B8B3 /* libosgDB.a */; };
		4A05E0BA1FDC1CE500C8B8B3 /* libfreetype.a in Frameworks */ = {isa = PBXBuildFile; fileRef = 4A05E0521FDC1CDD00C8B8B3 /* libfreetype.a */; };
		4A05E0BB1FDC1CE500C8B8B3 /* libosgdb_mdl.a in Frameworks */ = {isa = PBXBuildFile; fileRef = 4A05E0531FDC1CDD00C8B8B3 /* libosgdb_mdl.a */; };
		4A05E0BC1FDC1CE500C8B8B3 /* libosgUI.a in Frameworks */ = {isa = PBXBuildFile; fileRef = 4A05E0541FDC1CDD00C8B8B3 /* libosgUI.a */; };
		4A05E0BD1FDC1CE500C8B8B3 /* libosgdb_cfg.a in Frameworks */ = {isa = PBXBuildFile; fileRef = 4A05E0551FDC1CDD00C8B8B3 /* libosgdb_cfg.a */; };
		4A05E0BE1FDC1CE500C8B8B3 /* libosgdb_deprecated_osgshadow.a in Frameworks */ = {isa = PBXBuildFile; fileRef = 4A05E0561FDC1CDD00C8B8B3 /* libosgdb_deprecated_osgshadow.a */; };
		4A05E0BF1FDC1CE500C8B8B3 /* libosgdb_dot.a in Frameworks */ = {isa = PBXBuildFile; fileRef = 4A05E0571FDC1CDD00C8B8B3 /* libosgdb_dot.a */; };
		4A05E0C01FDC1CE500C8B8B3 /* libosgdb_normals.a in Frameworks */ = {isa = PBXBuildFile; fileRef = 4A05E0581FDC1CDD00C8B8B3 /* libosgdb_normals.a */; };
		4A05E0C11FDC1CE500C8B8B3 /* libosgdb_shp.a in Frameworks */ = {isa = PBXBuildFile; fileRef = 4A05E0591FDC1CDD00C8B8B3 /* libosgdb_shp.a */; };
		4A05E0C21FDC1CE500C8B8B3 /* libosgdb_deprecated_osgfx.a in Frameworks */ = {isa = PBXBuildFile; fileRef = 4A05E05A1FDC1CDD00C8B8B3 /* libosgdb_deprecated_osgfx.a */; };
		4A05E0C31FDC1CE500C8B8B3 /* libosgUtil.a in Frameworks */ = {isa = PBXBuildFile; fileRef = 4A05E05B1FDC1CDD00C8B8B3 /* libosgUtil.a */; };
		4A05E0C41FDC1CE500C8B8B3 /* libosgdb_rgb.a in Frameworks */ = {isa = PBXBuildFile; fileRef = 4A05E05C1FDC1CDD00C8B8B3 /* libosgdb_rgb.a */; };
		4A05E0C51FDC1CE500C8B8B3 /* libosgdb_serializers_osgparticle.a in Frameworks */ = {isa = PBXBuildFile; fileRef = 4A05E05D1FDC1CDD00C8B8B3 /* libosgdb_serializers_osgparticle.a */; };
		4A05E0C61FDC1CE500C8B8B3 /* libosgdb_deprecated_osg.a in Frameworks */ = {isa = PBXBuildFile; fileRef = 4A05E05E1FDC1CDD00C8B8B3 /* libosgdb_deprecated_osg.a */; };
		4A05E0C71FDC1CE500C8B8B3 /* libosgdb_deprecated_osgvolume.a in Frameworks */ = {isa = PBXBuildFile; fileRef = 4A05E05F1FDC1CDD00C8B8B3 /* libosgdb_deprecated_osgvolume.a */; };
		4A05E0C81FDC1CE500C8B8B3 /* libosgdb_imageio.a in Frameworks */ = {isa = PBXBuildFile; fileRef = 4A05E0601FDC1CDD00C8B8B3 /* libosgdb_imageio.a */; };
		4A05E0C91FDC1CE500C8B8B3 /* libosgdb_serializers_osgfx.a in Frameworks */ = {isa = PBXBuildFile; fileRef = 4A05E0611FDC1CDD00C8B8B3 /* libosgdb_serializers_osgfx.a */; };
		4A05E0CA1FDC1CE500C8B8B3 /* libosgdb_zeroconf.a in Frameworks */ = {isa = PBXBuildFile; fileRef = 4A05E0621FDC1CDD00C8B8B3 /* libosgdb_zeroconf.a */; };
		4A05E0CB1FDC1CE500C8B8B3 /* libosgFX.a in Frameworks */ = {isa = PBXBuildFile; fileRef = 4A05E0631FDC1CDD00C8B8B3 /* libosgFX.a */; };
		4A05E0CC1FDC1CE500C8B8B3 /* libosgdb_avfoundation.a in Frameworks */ = {isa = PBXBuildFile; fileRef = 4A05E0641FDC1CDD00C8B8B3 /* libosgdb_avfoundation.a */; };
		4A05E0CD1FDC1CE500C8B8B3 /* libosgdb_bmp.a in Frameworks */ = {isa = PBXBuildFile; fileRef = 4A05E0651FDC1CDD00C8B8B3 /* libosgdb_bmp.a */; };
		4A05E0CE1FDC1CE500C8B8B3 /* libosgdb_pov.a in Frameworks */ = {isa = PBXBuildFile; fileRef = 4A05E0661FDC1CDD00C8B8B3 /* libosgdb_pov.a */; };
		4A05E0CF1FDC1CE500C8B8B3 /* libosg.a in Frameworks */ = {isa = PBXBuildFile; fileRef = 4A05E0671FDC1CDD00C8B8B3 /* libosg.a */; };
		4A05E0D01FDC1CE500C8B8B3 /* libosgdb_deprecated_osgwidget.a in Frameworks */ = {isa = PBXBuildFile; fileRef = 4A05E0681FDC1CDD00C8B8B3 /* libosgdb_deprecated_osgwidget.a */; };
		4A05E0D11FDC1CE500C8B8B3 /* libosgGA.a in Frameworks */ = {isa = PBXBuildFile; fileRef = 4A05E0691FDC1CDD00C8B8B3 /* libosgGA.a */; };
		4A05E0D21FDC1CE500C8B8B3 /* libosgdb_pnm.a in Frameworks */ = {isa = PBXBuildFile; fileRef = 4A05E06A1FDC1CDE00C8B8B3 /* libosgdb_pnm.a */; };
		4A05E0D31FDC1CE500C8B8B3 /* libosgdb_hdr.a in Frameworks */ = {isa = PBXBuildFile; fileRef = 4A05E06B1FDC1CDE00C8B8B3 /* libosgdb_hdr.a */; };
		4A05E0D41FDC1CE500C8B8B3 /* libosgdb_osgviewer.a in Frameworks */ = {isa = PBXBuildFile; fileRef = 4A05E06C1FDC1CDE00C8B8B3 /* libosgdb_osgviewer.a */; };
		4A05E0D51FDC1CE500C8B8B3 /* libosgdb_p3d.a in Frameworks */ = {isa = PBXBuildFile; fileRef = 4A05E06D1FDC1CDE00C8B8B3 /* libosgdb_p3d.a */; };
		4A05E0D61FDC1CE500C8B8B3 /* libosgdb_pdf.a in Frameworks */ = {isa = PBXBuildFile; fileRef = 4A05E06E1FDC1CDE00C8B8B3 /* libosgdb_pdf.a */; };
		4A05E0D71FDC1CE500C8B8B3 /* libosgdb_serializers_osgga.a in Frameworks */ = {isa = PBXBuildFile; fileRef = 4A05E06F1FDC1CDE00C8B8B3 /* libosgdb_serializers_osgga.a */; };
		4A05E0D81FDC1CE500C8B8B3 /* libosgdb_sdl.a in Frameworks */ = {isa = PBXBuildFile; fileRef = 4A05E0701FDC1CDE00C8B8B3 /* libosgdb_sdl.a */; };
		4A05E0D91FDC1CE500C8B8B3 /* libosgdb_vtf.a in Frameworks */ = {isa = PBXBuildFile; fileRef = 4A05E0711FDC1CDE00C8B8B3 /* libosgdb_vtf.a */; };
		4A05E0DA1FDC1CE500C8B8B3 /* libosgdb_obj.a in Frameworks */ = {isa = PBXBuildFile; fileRef = 4A05E0721FDC1CDE00C8B8B3 /* libosgdb_obj.a */; };
		4A05E0DB1FDC1CE500C8B8B3 /* libosgdb_jp2.a in Frameworks */ = {isa = PBXBuildFile; fileRef = 4A05E0731FDC1CDE00C8B8B3 /* libosgdb_jp2.a */; };
		4A05E0DC1FDC1CE500C8B8B3 /* libosgdb_trans.a in Frameworks */ = {isa = PBXBuildFile; fileRef = 4A05E0741FDC1CDF00C8B8B3 /* libosgdb_trans.a */; };
		4A05E0DD1FDC1CE500C8B8B3 /* libosgdb_3ds.a in Frameworks */ = {isa = PBXBuildFile; fileRef = 4A05E0751FDC1CDF00C8B8B3 /* libosgdb_3ds.a */; };
		4A05E0DE1FDC1CE500C8B8B3 /* libosgdb_scale.a in Frameworks */ = {isa = PBXBuildFile; fileRef = 4A05E0761FDC1CDF00C8B8B3 /* libosgdb_scale.a */; };
		4A05E0DF1FDC1CE500C8B8B3 /* libosgdb_serializers_osgsim.a in Frameworks */ = {isa = PBXBuildFile; fileRef = 4A05E0771FDC1CDF00C8B8B3 /* libosgdb_serializers_osgsim.a */; };
		4A05E0E01FDC1CE500C8B8B3 /* libosgdb_freetype.a in Frameworks */ = {isa = PBXBuildFile; fileRef = 4A05E0781FDC1CDF00C8B8B3 /* libosgdb_freetype.a */; };
		4A05E0E11FDC1CE500C8B8B3 /* libosgdb_revisions.a in Frameworks */ = {isa = PBXBuildFile; fileRef = 4A05E0791FDC1CDF00C8B8B3 /* libosgdb_revisions.a */; };
		4A05E0E21FDC1CE500C8B8B3 /* libosgdb_serializers_osgterrain.a in Frameworks */ = {isa = PBXBuildFile; fileRef = 4A05E07A1FDC1CDF00C8B8B3 /* libosgdb_serializers_osgterrain.a */; };
		4A05E0E31FDC1CE500C8B8B3 /* libosgManipulator.a in Frameworks */ = {isa = PBXBuildFile; fileRef = 4A05E07B1FDC1CDF00C8B8B3 /* libosgManipulator.a */; };
		4A05E0E41FDC1CE500C8B8B3 /* libosgdb_serializers_osgvolume.a in Frameworks */ = {isa = PBXBuildFile; fileRef = 4A05E07C1FDC1CDF00C8B8B3 /* libosgdb_serializers_osgvolume.a */; };
		4A05E0E51FDC1CE500C8B8B3 /* libosgdb_ive.a in Frameworks */ = {isa = PBXBuildFile; fileRef = 4A05E07D1FDC1CDF00C8B8B3 /* libosgdb_ive.a */; };
		4A05E0E61FDC1CE500C8B8B3 /* libosgdb_tga.a in Frameworks */ = {isa = PBXBuildFile; fileRef = 4A05E07E1FDC1CDF00C8B8B3 /* libosgdb_tga.a */; };
		4A05E0E71FDC1CE500C8B8B3 /* libosgdb_gz.a in Frameworks */ = {isa = PBXBuildFile; fileRef = 4A05E07F1FDC1CDF00C8B8B3 /* libosgdb_gz.a */; };
		4A05E0E81FDC1CE500C8B8B3 /* libosgdb_openflight.a in Frameworks */ = {isa = PBXBuildFile; fileRef = 4A05E0801FDC1CE000C8B8B3 /* libosgdb_openflight.a */; };
		4A05E0E91FDC1CE500C8B8B3 /* libosgdb_serializers_osgutil.a in Frameworks */ = {isa = PBXBuildFile; fileRef = 4A05E0811FDC1CE000C8B8B3 /* libosgdb_serializers_osgutil.a */; };
		4A05E0EA1FDC1CE500C8B8B3 /* libosgdb_tgz.a in Frameworks */ = {isa = PBXBuildFile; fileRef = 4A05E0821FDC1CE000C8B8B3 /* libosgdb_tgz.a */; };
		4A05E0EB1FDC1CE500C8B8B3 /* libosgdb_md2.a in Frameworks */ = {isa = PBXBuildFile; fileRef = 4A05E0831FDC1CE000C8B8B3 /* libosgdb_md2.a */; };
		4A05E0EC1FDC1CE500C8B8B3 /* libosgdb_lws.a in Frameworks */ = {isa = PBXBuildFile; fileRef = 4A05E0841FDC1CE000C8B8B3 /* libosgdb_lws.a */; };
		4A05E0ED1FDC1CE500C8B8B3 /* libosgdb_3dc.a in Frameworks */ = {isa = PBXBuildFile; fileRef = 4A05E0851FDC1CE000C8B8B3 /* libosgdb_3dc.a */; };
		4A05E0EE1FDC1CE500C8B8B3 /* libosgdb_zip.a in Frameworks */ = {isa = PBXBuildFile; fileRef = 4A05E0861FDC1CE000C8B8B3 /* libosgdb_zip.a */; };
		4A05E0EF1FDC1CE500C8B8B3 /* libosgdb_x.a in Frameworks */ = {isa = PBXBuildFile; fileRef = 4A05E0871FDC1CE000C8B8B3 /* libosgdb_x.a */; };
		4A05E0F01FDC1CE500C8B8B3 /* libosgdb_bsp.a in Frameworks */ = {isa = PBXBuildFile; fileRef = 4A05E0881FDC1CE000C8B8B3 /* libosgdb_bsp.a */; };
		4A05E0F11FDC1CE500C8B8B3 /* libosgdb_logo.a in Frameworks */ = {isa = PBXBuildFile; fileRef = 4A05E0891FDC1CE000C8B8B3 /* libosgdb_logo.a */; };
		4A05E0F21FDC1CE500C8B8B3 /* libosgShadow.a in Frameworks */ = {isa = PBXBuildFile; fileRef = 4A05E08A1FDC1CE000C8B8B3 /* libosgShadow.a */; };
		4A05E0F31FDC1CE500C8B8B3 /* libosgdb_osc.a in Frameworks */ = {isa = PBXBuildFile; fileRef = 4A05E08B1FDC1CE100C8B8B3 /* libosgdb_osc.a */; };
		4A05E0F41FDC1CE500C8B8B3 /* libosgdb_txf.a in Frameworks */ = {isa = PBXBuildFile; fileRef = 4A05E08C1FDC1CE100C8B8B3 /* libosgdb_txf.a */; };
		4A05E0F51FDC1CE500C8B8B3 /* libosgdb_dxf.a in Frameworks */ = {isa = PBXBuildFile; fileRef = 4A05E08D1FDC1CE100C8B8B3 /* libosgdb_dxf.a */; };
		4A05E0F61FDC1CE500C8B8B3 /* libosgdb_pvr.a in Frameworks */ = {isa = PBXBuildFile; fileRef = 4A05E08E1FDC1CE100C8B8B3 /* libosgdb_pvr.a */; };
		4A05E0F71FDC1CE500C8B8B3 /* libosgdb_osgtgz.a in Frameworks */ = {isa = PBXBuildFile; fileRef = 4A05E08F1FDC1CE100C8B8B3 /* libosgdb_osgtgz.a */; };
		4A05E0F81FDC1CE500C8B8B3 /* libosgdb_trk.a in Frameworks */ = {isa = PBXBuildFile; fileRef = 4A05E0901FDC1CE100C8B8B3 /* libosgdb_trk.a */; };
		4A05E0F91FDC1CE500C8B8B3 /* libosgdb_serializers_osganimation.a in Frameworks */ = {isa = PBXBuildFile; fileRef = 4A05E0911FDC1CE100C8B8B3 /* libosgdb_serializers_osganimation.a */; };
		4A05E0FA1FDC1CE500C8B8B3 /* libosgAnimation.a in Frameworks */ = {isa = PBXBuildFile; fileRef = 4A05E0921FDC1CE100C8B8B3 /* libosgAnimation.a */; };
		4A05E0FB1FDC1CE500C8B8B3 /* libosgdb_osga.a in Frameworks */ = {isa = PBXBuildFile; fileRef = 4A05E0931FDC1CE200C8B8B3 /* libosgdb_osga.a */; };
		4A05E0FC1FDC1CE500C8B8B3 /* libosgParticle.a in Frameworks */ = {isa = PBXBuildFile; fileRef = 4A05E0941FDC1CE200C8B8B3 /* libosgParticle.a */; };
		4A05E0FD1FDC1CE500C8B8B3 /* libosgdb_pic.a in Frameworks */ = {isa = PBXBuildFile; fileRef = 4A05E0951FDC1CE200C8B8B3 /* libosgdb_pic.a */; };
		4A05E0FE1FDC1CE500C8B8B3 /* libosgdb_serializers_osg.a in Frameworks */ = {isa = PBXBuildFile; fileRef = 4A05E0961FDC1CE200C8B8B3 /* libosgdb_serializers_osg.a */; };
		4A05E0FF1FDC1CE500C8B8B3 /* libosgdb_gles.a in Frameworks */ = {isa = PBXBuildFile; fileRef = 4A05E0971FDC1CE300C8B8B3 /* libosgdb_gles.a */; };
		4A05E1001FDC1CE500C8B8B3 /* libosgdb_bvh.a in Frameworks */ = {isa = PBXBuildFile; fileRef = 4A05E0981FDC1CE300C8B8B3 /* libosgdb_bvh.a */; };
		4A05E1011FDC1CE500C8B8B3 /* libosgdb_serializers_osgshadow.a in Frameworks */ = {isa = PBXBuildFile; fileRef = 4A05E0991FDC1CE300C8B8B3 /* libosgdb_serializers_osgshadow.a */; };
		4A05E1021FDC1CE500C8B8B3 /* libosgdb_lua.a in Frameworks */ = {isa = PBXBuildFile; fileRef = 4A05E09A1FDC1CE300C8B8B3 /* libosgdb_lua.a */; };
		4A05E1031FDC1CE500C8B8B3 /* libosgdb_serializers_osgui.a in Frameworks */ = {isa = PBXBuildFile; fileRef = 4A05E09B1FDC1CE400C8B8B3 /* libosgdb_serializers_osgui.a */; };
		4A05E1041FDC1CE500C8B8B3 /* libosgdb_osgterrain.a in Frameworks */ = {isa = PBXBuildFile; fileRef = 4A05E09C1FDC1CE400C8B8B3 /* libosgdb_osgterrain.a */; };
		4A05E1051FDC1CE500C8B8B3 /* libosgdb_ktx.a in Frameworks */ = {isa = PBXBuildFile; fileRef = 4A05E09D1FDC1CE400C8B8B3 /* libosgdb_ktx.a */; };
		4A05E1061FDC1CE500C8B8B3 /* libosgPresentation.a in Frameworks */ = {isa = PBXBuildFile; fileRef = 4A05E09E1FDC1CE400C8B8B3 /* libosgPresentation.a */; };
		4A05E1071FDC1CE500C8B8B3 /* libosgdb_serializers_osgtext.a in Frameworks */ = {isa = PBXBuildFile; fileRef = 4A05E09F1FDC1CE400C8B8B3 /* libosgdb_serializers_osgtext.a */; };
		4A05E1081FDC1CE500C8B8B3 /* libosgdb_deprecated_osgtext.a in Frameworks */ = {isa = PBXBuildFile; fileRef = 4A05E0A01FDC1CE400C8B8B3 /* libosgdb_deprecated_osgtext.a */; };
		4A05E1091FDC1CE500C8B8B3 /* libOpenThreads.a in Frameworks */ = {isa = PBXBuildFile; fileRef = 4A05E0A11FDC1CE500C8B8B3 /* libOpenThreads.a */; };
		4A05E10A1FDC1CE500C8B8B3 /* libosgdb_deprecated_osgparticle.a in Frameworks */ = {isa = PBXBuildFile; fileRef = 4A05E0A21FDC1CE500C8B8B3 /* libosgdb_deprecated_osgparticle.a */; };
		4A05E10B1FDC1CE500C8B8B3 /* libosgdb_serializers_osgviewer.a in Frameworks */ = {isa = PBXBuildFile; fileRef = 4A05E0A31FDC1CE500C8B8B3 /* libosgdb_serializers_osgviewer.a */; };
		4A05E10C1FDC1CE500C8B8B3 /* libosgdb_deprecated_osganimation.a in Frameworks */ = {isa = PBXBuildFile; fileRef = 4A05E0A41FDC1CE500C8B8B3 /* libosgdb_deprecated_osganimation.a */; };
		4A05E10D1FDC1CE500C8B8B3 /* libosgdb_osgshadow.a in Frameworks */ = {isa = PBXBuildFile; fileRef = 4A05E0A51FDC1CE500C8B8B3 /* libosgdb_osgshadow.a */; };
		4A05E10F1FDC1D6000C8B8B3 /* MobileCoreServices.framework in Frameworks */ = {isa = PBXBuildFile; fileRef = 4A05E10E1FDC1D6000C8B8B3 /* MobileCoreServices.framework */; };
		4A05E1151FDC1E7C00C8B8B3 /* model0.dat in Resources */ = {isa = PBXBuildFile; fileRef = 4A05E1101FDC1E7C00C8B8B3 /* model0.dat */; };
		4A05E1161FDC1E7C00C8B8B3 /* model1.dat in Resources */ = {isa = PBXBuildFile; fileRef = 4A05E1111FDC1E7C00C8B8B3 /* model1.dat */; };
		4A05E11A1FDC1EA500C8B8B3 /* OSG in Resources */ = {isa = PBXBuildFile; fileRef = 4A05E1191FDC1EA500C8B8B3 /* OSG */; };
		4A1EB553203B746300BDEC89 /* ARX in Resources */ = {isa = PBXBuildFile; fileRef = 4A1EB552203B746300BDEC89 /* ARX */; };
		4A267D232058C4E9009B1032 /* opencv2.framework in Frameworks */ = {isa = PBXBuildFile; fileRef = 4A267D222058C4E8009B1032 /* opencv2.framework */; };
		4A70A0F51DC7F425005A4F69 /* Assets.xcassets in Resources */ = {isa = PBXBuildFile; fileRef = 4A70A0F41DC7F425005A4F69 /* Assets.xcassets */; };
		4A70A1021DC7F580005A4F69 /* main.m in Sources */ = {isa = PBXBuildFile; fileRef = 4A70A0E51DC7F425005A4F69 /* main.m */; };
		4A70A1031DC7F580005A4F69 /* AppDelegate.m in Sources */ = {isa = PBXBuildFile; fileRef = 4A70A0E81DC7F425005A4F69 /* AppDelegate.m */; };
		4A70A1041DC7F580005A4F69 /* ARViewController.mm in Sources */ = {isa = PBXBuildFile; fileRef = 4A70A0EF1DC7F425005A4F69 /* ARViewController.mm */; };
		4A70A10E1DC7F773005A4F69 /* LaunchScreen.storyboard in Resources */ = {isa = PBXBuildFile; fileRef = 4A70A10A1DC7F773005A4F69 /* LaunchScreen.storyboard */; };
		4A70A10F1DC7F773005A4F69 /* Main.storyboard in Resources */ = {isa = PBXBuildFile; fileRef = 4A70A10C1DC7F773005A4F69 /* Main.storyboard */; };
		4A70A11A1DC7FADC005A4F69 /* libARX.a in Frameworks */ = {isa = PBXBuildFile; fileRef = 4A70A1191DC7FADC005A4F69 /* libARX.a */; };
		4A70A1231DC80645005A4F69 /* libcurl.a in Frameworks */ = {isa = PBXBuildFile; fileRef = 4A70A11F1DC80645005A4F69 /* libcurl.a */; };
		4A70A1251DC80645005A4F69 /* libjpeg.a in Frameworks */ = {isa = PBXBuildFile; fileRef = 4A70A1211DC80645005A4F69 /* libjpeg.a */; };
		4A70A1281DC80678005A4F69 /* libsqlite3.tbd in Frameworks */ = {isa = PBXBuildFile; fileRef = 4A70A1271DC80678005A4F69 /* libsqlite3.tbd */; };
		4A70A12A1DC8067E005A4F69 /* AVFoundation.framework in Frameworks */ = {isa = PBXBuildFile; fileRef = 4A70A1291DC8067E005A4F69 /* AVFoundation.framework */; };
		4A70A12C1DC8068F005A4F69 /* libz.tbd in Frameworks */ = {isa = PBXBuildFile; fileRef = 4A70A12B1DC8068F005A4F69 /* libz.tbd */; };
		4A70A12E1DC80699005A4F69 /* GLKit.framework in Frameworks */ = {isa = PBXBuildFile; fileRef = 4A70A12D1DC80699005A4F69 /* GLKit.framework */; };
		4A70A1301DC806A7005A4F69 /* CoreMedia.framework in Frameworks */ = {isa = PBXBuildFile; fileRef = 4A70A12F1DC806A7005A4F69 /* CoreMedia.framework */; };
		4A70A1321DC806A9005A4F69 /* Accelerate.framework in Frameworks */ = {isa = PBXBuildFile; fileRef = 4A70A1311DC806A9005A4F69 /* Accelerate.framework */; };
		4A70A1341DC806B9005A4F69 /* AudioToolbox.framework in Frameworks */ = {isa = PBXBuildFile; fileRef = 4A70A1331DC806B9005A4F69 /* AudioToolbox.framework */; };
		4A9707911DD152D200FF507D /* CoreMotion.framework in Frameworks */ = {isa = PBXBuildFile; fileRef = 4A9707901DD152D200FF507D /* CoreMotion.framework */; };
		4AC06DF41F73739100CCBEF6 /* hiro.patt in Resources */ = {isa = PBXBuildFile; fileRef = 4AC06DF21F73739100CCBEF6 /* hiro.patt */; };
		4AC06DF51F73739100CCBEF6 /* kanji.patt in Resources */ = {isa = PBXBuildFile; fileRef = 4AC06DF31F73739100CCBEF6 /* kanji.patt */; };
		4AD419A01E70F1D100DC036C /* libstdc++.tbd in Frameworks */ = {isa = PBXBuildFile; fileRef = 4AD4199F1E70F1D100DC036C /* libstdc++.tbd */; };
/* End PBXBuildFile section */

/* Begin PBXFileReference section */
		4A05E0351FDC1B6F00C8B8B3 /* drawOSG.cpp */ = {isa = PBXFileReference; fileEncoding = 4; lastKnownFileType = sourcecode.cpp.cpp; name = drawOSG.cpp; path = ../drawOSG.cpp; sourceTree = "<group>"; };
		4A05E0371FDC1B8300C8B8B3 /* arosg.h */ = {isa = PBXFileReference; fileEncoding = 4; lastKnownFileType = sourcecode.c.h; name = arosg.h; path = ../arosg.h; sourceTree = "<group>"; };
		4A05E0381FDC1B8300C8B8B3 /* arosg.cpp */ = {isa = PBXFileReference; fileEncoding = 4; lastKnownFileType = sourcecode.cpp.cpp; name = arosg.cpp; path = ../arosg.cpp; sourceTree = "<group>"; };
		4A05E03A1FDC1C8B00C8B8B3 /* osgPlugins.h */ = {isa = PBXFileReference; lastKnownFileType = sourcecode.c.h; name = osgPlugins.h; path = ../osgPlugins.h; sourceTree = "<group>"; };
		4A05E03B1FDC1C8C00C8B8B3 /* shaders.h */ = {isa = PBXFileReference; lastKnownFileType = sourcecode.c.h; name = shaders.h; path = ../shaders.h; sourceTree = "<group>"; };
		4A05E03C1FDC1CCD00C8B8B3 /* libosgTerrain.a */ = {isa = PBXFileReference; lastKnownFileType = archive.ar; name = libosgTerrain.a; path = lib/libosgTerrain.a; sourceTree = "<group>"; };
		4A05E03E1FDC1CDC00C8B8B3 /* libosgdb_jpeg.a */ = {isa = PBXFileReference; lastKnownFileType = archive.ar; name = libosgdb_jpeg.a; path = lib/libosgdb_jpeg.a; sourceTree = "<group>"; };
		4A05E03F1FDC1CDC00C8B8B3 /* libosgViewer.a */ = {isa = PBXFileReference; lastKnownFileType = archive.ar; name = libosgViewer.a; path = lib/libosgViewer.a; sourceTree = "<group>"; };
		4A05E0401FDC1CDC00C8B8B3 /* libosgdb_deprecated_osgterrain.a */ = {isa = PBXFileReference; lastKnownFileType = archive.ar; name = libosgdb_deprecated_osgterrain.a; path = lib/libosgdb_deprecated_osgterrain.a; sourceTree = "<group>"; };
		4A05E0411FDC1CDC00C8B8B3 /* libosgdb_curl.a */ = {isa = PBXFileReference; lastKnownFileType = archive.ar; name = libosgdb_curl.a; path = lib/libosgdb_curl.a; sourceTree = "<group>"; };
		4A05E0421FDC1CDC00C8B8B3 /* libosgText.a */ = {isa = PBXFileReference; lastKnownFileType = archive.ar; name = libosgText.a; path = lib/libosgText.a; sourceTree = "<group>"; };
		4A05E0431FDC1CDC00C8B8B3 /* libosgdb_dds.a */ = {isa = PBXFileReference; lastKnownFileType = archive.ar; name = libosgdb_dds.a; path = lib/libosgdb_dds.a; sourceTree = "<group>"; };
		4A05E0441FDC1CDC00C8B8B3 /* libosgdb_osg.a */ = {isa = PBXFileReference; lastKnownFileType = archive.ar; name = libosgdb_osg.a; path = lib/libosgdb_osg.a; sourceTree = "<group>"; };
		4A05E0451FDC1CDC00C8B8B3 /* libosgVolume.a */ = {isa = PBXFileReference; lastKnownFileType = archive.ar; name = libosgVolume.a; path = lib/libosgVolume.a; sourceTree = "<group>"; };
		4A05E0461FDC1CDC00C8B8B3 /* libosgdb_osgjs.a */ = {isa = PBXFileReference; lastKnownFileType = archive.ar; name = libosgdb_osgjs.a; path = lib/libosgdb_osgjs.a; sourceTree = "<group>"; };
		4A05E0471FDC1CDC00C8B8B3 /* libosgdb_deprecated_osgviewer.a */ = {isa = PBXFileReference; lastKnownFileType = archive.ar; name = libosgdb_deprecated_osgviewer.a; path = lib/libosgdb_deprecated_osgviewer.a; sourceTree = "<group>"; };
		4A05E0481FDC1CDC00C8B8B3 /* libosgdb_serializers_osgmanipulator.a */ = {isa = PBXFileReference; lastKnownFileType = archive.ar; name = libosgdb_serializers_osgmanipulator.a; path = lib/libosgdb_serializers_osgmanipulator.a; sourceTree = "<group>"; };
		4A05E0491FDC1CDC00C8B8B3 /* libosgdb_glsl.a */ = {isa = PBXFileReference; lastKnownFileType = archive.ar; name = libosgdb_glsl.a; path = lib/libosgdb_glsl.a; sourceTree = "<group>"; };
		4A05E04A1FDC1CDC00C8B8B3 /* libosgWidget.a */ = {isa = PBXFileReference; lastKnownFileType = archive.ar; name = libosgWidget.a; path = lib/libosgWidget.a; sourceTree = "<group>"; };
		4A05E04B1FDC1CDC00C8B8B3 /* libosgdb_stl.a */ = {isa = PBXFileReference; lastKnownFileType = archive.ar; name = libosgdb_stl.a; path = lib/libosgdb_stl.a; sourceTree = "<group>"; };
		4A05E04C1FDC1CDC00C8B8B3 /* libosgdb_rot.a */ = {isa = PBXFileReference; lastKnownFileType = archive.ar; name = libosgdb_rot.a; path = lib/libosgdb_rot.a; sourceTree = "<group>"; };
		4A05E04D1FDC1CDC00C8B8B3 /* libosgdb_tf.a */ = {isa = PBXFileReference; lastKnownFileType = archive.ar; name = libosgdb_tf.a; path = lib/libosgdb_tf.a; sourceTree = "<group>"; };
		4A05E04E1FDC1CDC00C8B8B3 /* libosgSim.a */ = {isa = PBXFileReference; lastKnownFileType = archive.ar; name = libosgSim.a; path = lib/libosgSim.a; sourceTree = "<group>"; };
		4A05E04F1FDC1CDC00C8B8B3 /* libosgdb_deprecated_osgsim.a */ = {isa = PBXFileReference; lastKnownFileType = archive.ar; name = libosgdb_deprecated_osgsim.a; path = lib/libosgdb_deprecated_osgsim.a; sourceTree = "<group>"; };
		4A05E0501FDC1CDC00C8B8B3 /* libosgdb_ac.a */ = {isa = PBXFileReference; lastKnownFileType = archive.ar; name = libosgdb_ac.a; path = lib/libosgdb_ac.a; sourceTree = "<group>"; };
		4A05E0511FDC1CDC00C8B8B3 /* libosgDB.a */ = {isa = PBXFileReference; lastKnownFileType = archive.ar; name = libosgDB.a; path = lib/libosgDB.a; sourceTree = "<group>"; };
		4A05E0521FDC1CDD00C8B8B3 /* libfreetype.a */ = {isa = PBXFileReference; lastKnownFileType = archive.ar; name = libfreetype.a; path = lib/libfreetype.a; sourceTree = "<group>"; };
		4A05E0531FDC1CDD00C8B8B3 /* libosgdb_mdl.a */ = {isa = PBXFileReference; lastKnownFileType = archive.ar; name = libosgdb_mdl.a; path = lib/libosgdb_mdl.a; sourceTree = "<group>"; };
		4A05E0541FDC1CDD00C8B8B3 /* libosgUI.a */ = {isa = PBXFileReference; lastKnownFileType = archive.ar; name = libosgUI.a; path = lib/libosgUI.a; sourceTree = "<group>"; };
		4A05E0551FDC1CDD00C8B8B3 /* libosgdb_cfg.a */ = {isa = PBXFileReference; lastKnownFileType = archive.ar; name = libosgdb_cfg.a; path = lib/libosgdb_cfg.a; sourceTree = "<group>"; };
		4A05E0561FDC1CDD00C8B8B3 /* libosgdb_deprecated_osgshadow.a */ = {isa = PBXFileReference; lastKnownFileType = archive.ar; name = libosgdb_deprecated_osgshadow.a; path = lib/libosgdb_deprecated_osgshadow.a; sourceTree = "<group>"; };
		4A05E0571FDC1CDD00C8B8B3 /* libosgdb_dot.a */ = {isa = PBXFileReference; lastKnownFileType = archive.ar; name = libosgdb_dot.a; path = lib/libosgdb_dot.a; sourceTree = "<group>"; };
		4A05E0581FDC1CDD00C8B8B3 /* libosgdb_normals.a */ = {isa = PBXFileReference; lastKnownFileType = archive.ar; name = libosgdb_normals.a; path = lib/libosgdb_normals.a; sourceTree = "<group>"; };
		4A05E0591FDC1CDD00C8B8B3 /* libosgdb_shp.a */ = {isa = PBXFileReference; lastKnownFileType = archive.ar; name = libosgdb_shp.a; path = lib/libosgdb_shp.a; sourceTree = "<group>"; };
		4A05E05A1FDC1CDD00C8B8B3 /* libosgdb_deprecated_osgfx.a */ = {isa = PBXFileReference; lastKnownFileType = archive.ar; name = libosgdb_deprecated_osgfx.a; path = lib/libosgdb_deprecated_osgfx.a; sourceTree = "<group>"; };
		4A05E05B1FDC1CDD00C8B8B3 /* libosgUtil.a */ = {isa = PBXFileReference; lastKnownFileType = archive.ar; name = libosgUtil.a; path = lib/libosgUtil.a; sourceTree = "<group>"; };
		4A05E05C1FDC1CDD00C8B8B3 /* libosgdb_rgb.a */ = {isa = PBXFileReference; lastKnownFileType = archive.ar; name = libosgdb_rgb.a; path = lib/libosgdb_rgb.a; sourceTree = "<group>"; };
		4A05E05D1FDC1CDD00C8B8B3 /* libosgdb_serializers_osgparticle.a */ = {isa = PBXFileReference; lastKnownFileType = archive.ar; name = libosgdb_serializers_osgparticle.a; path = lib/libosgdb_serializers_osgparticle.a; sourceTree = "<group>"; };
		4A05E05E1FDC1CDD00C8B8B3 /* libosgdb_deprecated_osg.a */ = {isa = PBXFileReference; lastKnownFileType = archive.ar; name = libosgdb_deprecated_osg.a; path = lib/libosgdb_deprecated_osg.a; sourceTree = "<group>"; };
		4A05E05F1FDC1CDD00C8B8B3 /* libosgdb_deprecated_osgvolume.a */ = {isa = PBXFileReference; lastKnownFileType = archive.ar; name = libosgdb_deprecated_osgvolume.a; path = lib/libosgdb_deprecated_osgvolume.a; sourceTree = "<group>"; };
		4A05E0601FDC1CDD00C8B8B3 /* libosgdb_imageio.a */ = {isa = PBXFileReference; lastKnownFileType = archive.ar; name = libosgdb_imageio.a; path = lib/libosgdb_imageio.a; sourceTree = "<group>"; };
		4A05E0611FDC1CDD00C8B8B3 /* libosgdb_serializers_osgfx.a */ = {isa = PBXFileReference; lastKnownFileType = archive.ar; name = libosgdb_serializers_osgfx.a; path = lib/libosgdb_serializers_osgfx.a; sourceTree = "<group>"; };
		4A05E0621FDC1CDD00C8B8B3 /* libosgdb_zeroconf.a */ = {isa = PBXFileReference; lastKnownFileType = archive.ar; name = libosgdb_zeroconf.a; path = lib/libosgdb_zeroconf.a; sourceTree = "<group>"; };
		4A05E0631FDC1CDD00C8B8B3 /* libosgFX.a */ = {isa = PBXFileReference; lastKnownFileType = archive.ar; name = libosgFX.a; path = lib/libosgFX.a; sourceTree = "<group>"; };
		4A05E0641FDC1CDD00C8B8B3 /* libosgdb_avfoundation.a */ = {isa = PBXFileReference; lastKnownFileType = archive.ar; name = libosgdb_avfoundation.a; path = lib/libosgdb_avfoundation.a; sourceTree = "<group>"; };
		4A05E0651FDC1CDD00C8B8B3 /* libosgdb_bmp.a */ = {isa = PBXFileReference; lastKnownFileType = archive.ar; name = libosgdb_bmp.a; path = lib/libosgdb_bmp.a; sourceTree = "<group>"; };
		4A05E0661FDC1CDD00C8B8B3 /* libosgdb_pov.a */ = {isa = PBXFileReference; lastKnownFileType = archive.ar; name = libosgdb_pov.a; path = lib/libosgdb_pov.a; sourceTree = "<group>"; };
		4A05E0671FDC1CDD00C8B8B3 /* libosg.a */ = {isa = PBXFileReference; lastKnownFileType = archive.ar; name = libosg.a; path = lib/libosg.a; sourceTree = "<group>"; };
		4A05E0681FDC1CDD00C8B8B3 /* libosgdb_deprecated_osgwidget.a */ = {isa = PBXFileReference; lastKnownFileType = archive.ar; name = libosgdb_deprecated_osgwidget.a; path = lib/libosgdb_deprecated_osgwidget.a; sourceTree = "<group>"; };
		4A05E0691FDC1CDD00C8B8B3 /* libosgGA.a */ = {isa = PBXFileReference; lastKnownFileType = archive.ar; name = libosgGA.a; path = lib/libosgGA.a; sourceTree = "<group>"; };
		4A05E06A1FDC1CDE00C8B8B3 /* libosgdb_pnm.a */ = {isa = PBXFileReference; lastKnownFileType = archive.ar; name = libosgdb_pnm.a; path = lib/libosgdb_pnm.a; sourceTree = "<group>"; };
		4A05E06B1FDC1CDE00C8B8B3 /* libosgdb_hdr.a */ = {isa = PBXFileReference; lastKnownFileType = archive.ar; name = libosgdb_hdr.a; path = lib/libosgdb_hdr.a; sourceTree = "<group>"; };
		4A05E06C1FDC1CDE00C8B8B3 /* libosgdb_osgviewer.a */ = {isa = PBXFileReference; lastKnownFileType = archive.ar; name = libosgdb_osgviewer.a; path = lib/libosgdb_osgviewer.a; sourceTree = "<group>"; };
		4A05E06D1FDC1CDE00C8B8B3 /* libosgdb_p3d.a */ = {isa = PBXFileReference; lastKnownFileType = archive.ar; name = libosgdb_p3d.a; path = lib/libosgdb_p3d.a; sourceTree = "<group>"; };
		4A05E06E1FDC1CDE00C8B8B3 /* libosgdb_pdf.a */ = {isa = PBXFileReference; lastKnownFileType = archive.ar; name = libosgdb_pdf.a; path = lib/libosgdb_pdf.a; sourceTree = "<group>"; };
		4A05E06F1FDC1CDE00C8B8B3 /* libosgdb_serializers_osgga.a */ = {isa = PBXFileReference; lastKnownFileType = archive.ar; name = libosgdb_serializers_osgga.a; path = lib/libosgdb_serializers_osgga.a; sourceTree = "<group>"; };
		4A05E0701FDC1CDE00C8B8B3 /* libosgdb_sdl.a */ = {isa = PBXFileReference; lastKnownFileType = archive.ar; name = libosgdb_sdl.a; path = lib/libosgdb_sdl.a; sourceTree = "<group>"; };
		4A05E0711FDC1CDE00C8B8B3 /* libosgdb_vtf.a */ = {isa = PBXFileReference; lastKnownFileType = archive.ar; name = libosgdb_vtf.a; path = lib/libosgdb_vtf.a; sourceTree = "<group>"; };
		4A05E0721FDC1CDE00C8B8B3 /* libosgdb_obj.a */ = {isa = PBXFileReference; lastKnownFileType = archive.ar; name = libosgdb_obj.a; path = lib/libosgdb_obj.a; sourceTree = "<group>"; };
		4A05E0731FDC1CDE00C8B8B3 /* libosgdb_jp2.a */ = {isa = PBXFileReference; lastKnownFileType = archive.ar; name = libosgdb_jp2.a; path = lib/libosgdb_jp2.a; sourceTree = "<group>"; };
		4A05E0741FDC1CDF00C8B8B3 /* libosgdb_trans.a */ = {isa = PBXFileReference; lastKnownFileType = archive.ar; name = libosgdb_trans.a; path = lib/libosgdb_trans.a; sourceTree = "<group>"; };
		4A05E0751FDC1CDF00C8B8B3 /* libosgdb_3ds.a */ = {isa = PBXFileReference; lastKnownFileType = archive.ar; name = libosgdb_3ds.a; path = lib/libosgdb_3ds.a; sourceTree = "<group>"; };
		4A05E0761FDC1CDF00C8B8B3 /* libosgdb_scale.a */ = {isa = PBXFileReference; lastKnownFileType = archive.ar; name = libosgdb_scale.a; path = lib/libosgdb_scale.a; sourceTree = "<group>"; };
		4A05E0771FDC1CDF00C8B8B3 /* libosgdb_serializers_osgsim.a */ = {isa = PBXFileReference; lastKnownFileType = archive.ar; name = libosgdb_serializers_osgsim.a; path = lib/libosgdb_serializers_osgsim.a; sourceTree = "<group>"; };
		4A05E0781FDC1CDF00C8B8B3 /* libosgdb_freetype.a */ = {isa = PBXFileReference; lastKnownFileType = archive.ar; name = libosgdb_freetype.a; path = lib/libosgdb_freetype.a; sourceTree = "<group>"; };
		4A05E0791FDC1CDF00C8B8B3 /* libosgdb_revisions.a */ = {isa = PBXFileReference; lastKnownFileType = archive.ar; name = libosgdb_revisions.a; path = lib/libosgdb_revisions.a; sourceTree = "<group>"; };
		4A05E07A1FDC1CDF00C8B8B3 /* libosgdb_serializers_osgterrain.a */ = {isa = PBXFileReference; lastKnownFileType = archive.ar; name = libosgdb_serializers_osgterrain.a; path = lib/libosgdb_serializers_osgterrain.a; sourceTree = "<group>"; };
		4A05E07B1FDC1CDF00C8B8B3 /* libosgManipulator.a */ = {isa = PBXFileReference; lastKnownFileType = archive.ar; name = libosgManipulator.a; path = lib/libosgManipulator.a; sourceTree = "<group>"; };
		4A05E07C1FDC1CDF00C8B8B3 /* libosgdb_serializers_osgvolume.a */ = {isa = PBXFileReference; lastKnownFileType = archive.ar; name = libosgdb_serializers_osgvolume.a; path = lib/libosgdb_serializers_osgvolume.a; sourceTree = "<group>"; };
		4A05E07D1FDC1CDF00C8B8B3 /* libosgdb_ive.a */ = {isa = PBXFileReference; lastKnownFileType = archive.ar; name = libosgdb_ive.a; path = lib/libosgdb_ive.a; sourceTree = "<group>"; };
		4A05E07E1FDC1CDF00C8B8B3 /* libosgdb_tga.a */ = {isa = PBXFileReference; lastKnownFileType = archive.ar; name = libosgdb_tga.a; path = lib/libosgdb_tga.a; sourceTree = "<group>"; };
		4A05E07F1FDC1CDF00C8B8B3 /* libosgdb_gz.a */ = {isa = PBXFileReference; lastKnownFileType = archive.ar; name = libosgdb_gz.a; path = lib/libosgdb_gz.a; sourceTree = "<group>"; };
		4A05E0801FDC1CE000C8B8B3 /* libosgdb_openflight.a */ = {isa = PBXFileReference; lastKnownFileType = archive.ar; name = libosgdb_openflight.a; path = lib/libosgdb_openflight.a; sourceTree = "<group>"; };
		4A05E0811FDC1CE000C8B8B3 /* libosgdb_serializers_osgutil.a */ = {isa = PBXFileReference; lastKnownFileType = archive.ar; name = libosgdb_serializers_osgutil.a; path = lib/libosgdb_serializers_osgutil.a; sourceTree = "<group>"; };
		4A05E0821FDC1CE000C8B8B3 /* libosgdb_tgz.a */ = {isa = PBXFileReference; lastKnownFileType = archive.ar; name = libosgdb_tgz.a; path = lib/libosgdb_tgz.a; sourceTree = "<group>"; };
		4A05E0831FDC1CE000C8B8B3 /* libosgdb_md2.a */ = {isa = PBXFileReference; lastKnownFileType = archive.ar; name = libosgdb_md2.a; path = lib/libosgdb_md2.a; sourceTree = "<group>"; };
		4A05E0841FDC1CE000C8B8B3 /* libosgdb_lws.a */ = {isa = PBXFileReference; lastKnownFileType = archive.ar; name = libosgdb_lws.a; path = lib/libosgdb_lws.a; sourceTree = "<group>"; };
		4A05E0851FDC1CE000C8B8B3 /* libosgdb_3dc.a */ = {isa = PBXFileReference; lastKnownFileType = archive.ar; name = libosgdb_3dc.a; path = lib/libosgdb_3dc.a; sourceTree = "<group>"; };
		4A05E0861FDC1CE000C8B8B3 /* libosgdb_zip.a */ = {isa = PBXFileReference; lastKnownFileType = archive.ar; name = libosgdb_zip.a; path = lib/libosgdb_zip.a; sourceTree = "<group>"; };
		4A05E0871FDC1CE000C8B8B3 /* libosgdb_x.a */ = {isa = PBXFileReference; lastKnownFileType = archive.ar; name = libosgdb_x.a; path = lib/libosgdb_x.a; sourceTree = "<group>"; };
		4A05E0881FDC1CE000C8B8B3 /* libosgdb_bsp.a */ = {isa = PBXFileReference; lastKnownFileType = archive.ar; name = libosgdb_bsp.a; path = lib/libosgdb_bsp.a; sourceTree = "<group>"; };
		4A05E0891FDC1CE000C8B8B3 /* libosgdb_logo.a */ = {isa = PBXFileReference; lastKnownFileType = archive.ar; name = libosgdb_logo.a; path = lib/libosgdb_logo.a; sourceTree = "<group>"; };
		4A05E08A1FDC1CE000C8B8B3 /* libosgShadow.a */ = {isa = PBXFileReference; lastKnownFileType = archive.ar; name = libosgShadow.a; path = lib/libosgShadow.a; sourceTree = "<group>"; };
		4A05E08B1FDC1CE100C8B8B3 /* libosgdb_osc.a */ = {isa = PBXFileReference; lastKnownFileType = archive.ar; name = libosgdb_osc.a; path = lib/libosgdb_osc.a; sourceTree = "<group>"; };
		4A05E08C1FDC1CE100C8B8B3 /* libosgdb_txf.a */ = {isa = PBXFileReference; lastKnownFileType = archive.ar; name = libosgdb_txf.a; path = lib/libosgdb_txf.a; sourceTree = "<group>"; };
		4A05E08D1FDC1CE100C8B8B3 /* libosgdb_dxf.a */ = {isa = PBXFileReference; lastKnownFileType = archive.ar; name = libosgdb_dxf.a; path = lib/libosgdb_dxf.a; sourceTree = "<group>"; };
		4A05E08E1FDC1CE100C8B8B3 /* libosgdb_pvr.a */ = {isa = PBXFileReference; lastKnownFileType = archive.ar; name = libosgdb_pvr.a; path = lib/libosgdb_pvr.a; sourceTree = "<group>"; };
		4A05E08F1FDC1CE100C8B8B3 /* libosgdb_osgtgz.a */ = {isa = PBXFileReference; lastKnownFileType = archive.ar; name = libosgdb_osgtgz.a; path = lib/libosgdb_osgtgz.a; sourceTree = "<group>"; };
		4A05E0901FDC1CE100C8B8B3 /* libosgdb_trk.a */ = {isa = PBXFileReference; lastKnownFileType = archive.ar; name = libosgdb_trk.a; path = lib/libosgdb_trk.a; sourceTree = "<group>"; };
		4A05E0911FDC1CE100C8B8B3 /* libosgdb_serializers_osganimation.a */ = {isa = PBXFileReference; lastKnownFileType = archive.ar; name = libosgdb_serializers_osganimation.a; path = lib/libosgdb_serializers_osganimation.a; sourceTree = "<group>"; };
		4A05E0921FDC1CE100C8B8B3 /* libosgAnimation.a */ = {isa = PBXFileReference; lastKnownFileType = archive.ar; name = libosgAnimation.a; path = lib/libosgAnimation.a; sourceTree = "<group>"; };
		4A05E0931FDC1CE200C8B8B3 /* libosgdb_osga.a */ = {isa = PBXFileReference; lastKnownFileType = archive.ar; name = libosgdb_osga.a; path = lib/libosgdb_osga.a; sourceTree = "<group>"; };
		4A05E0941FDC1CE200C8B8B3 /* libosgParticle.a */ = {isa = PBXFileReference; lastKnownFileType = archive.ar; name = libosgParticle.a; path = lib/libosgParticle.a; sourceTree = "<group>"; };
		4A05E0951FDC1CE200C8B8B3 /* libosgdb_pic.a */ = {isa = PBXFileReference; lastKnownFileType = archive.ar; name = libosgdb_pic.a; path = lib/libosgdb_pic.a; sourceTree = "<group>"; };
		4A05E0961FDC1CE200C8B8B3 /* libosgdb_serializers_osg.a */ = {isa = PBXFileReference; lastKnownFileType = archive.ar; name = libosgdb_serializers_osg.a; path = lib/libosgdb_serializers_osg.a; sourceTree = "<group>"; };
		4A05E0971FDC1CE300C8B8B3 /* libosgdb_gles.a */ = {isa = PBXFileReference; lastKnownFileType = archive.ar; name = libosgdb_gles.a; path = lib/libosgdb_gles.a; sourceTree = "<group>"; };
		4A05E0981FDC1CE300C8B8B3 /* libosgdb_bvh.a */ = {isa = PBXFileReference; lastKnownFileType = archive.ar; name = libosgdb_bvh.a; path = lib/libosgdb_bvh.a; sourceTree = "<group>"; };
		4A05E0991FDC1CE300C8B8B3 /* libosgdb_serializers_osgshadow.a */ = {isa = PBXFileReference; lastKnownFileType = archive.ar; name = libosgdb_serializers_osgshadow.a; path = lib/libosgdb_serializers_osgshadow.a; sourceTree = "<group>"; };
		4A05E09A1FDC1CE300C8B8B3 /* libosgdb_lua.a */ = {isa = PBXFileReference; lastKnownFileType = archive.ar; name = libosgdb_lua.a; path = lib/libosgdb_lua.a; sourceTree = "<group>"; };
		4A05E09B1FDC1CE400C8B8B3 /* libosgdb_serializers_osgui.a */ = {isa = PBXFileReference; lastKnownFileType = archive.ar; name = libosgdb_serializers_osgui.a; path = lib/libosgdb_serializers_osgui.a; sourceTree = "<group>"; };
		4A05E09C1FDC1CE400C8B8B3 /* libosgdb_osgterrain.a */ = {isa = PBXFileReference; lastKnownFileType = archive.ar; name = libosgdb_osgterrain.a; path = lib/libosgdb_osgterrain.a; sourceTree = "<group>"; };
		4A05E09D1FDC1CE400C8B8B3 /* libosgdb_ktx.a */ = {isa = PBXFileReference; lastKnownFileType = archive.ar; name = libosgdb_ktx.a; path = lib/libosgdb_ktx.a; sourceTree = "<group>"; };
		4A05E09E1FDC1CE400C8B8B3 /* libosgPresentation.a */ = {isa = PBXFileReference; lastKnownFileType = archive.ar; name = libosgPresentation.a; path = lib/libosgPresentation.a; sourceTree = "<group>"; };
		4A05E09F1FDC1CE400C8B8B3 /* libosgdb_serializers_osgtext.a */ = {isa = PBXFileReference; lastKnownFileType = archive.ar; name = libosgdb_serializers_osgtext.a; path = lib/libosgdb_serializers_osgtext.a; sourceTree = "<group>"; };
		4A05E0A01FDC1CE400C8B8B3 /* libosgdb_deprecated_osgtext.a */ = {isa = PBXFileReference; lastKnownFileType = archive.ar; name = libosgdb_deprecated_osgtext.a; path = lib/libosgdb_deprecated_osgtext.a; sourceTree = "<group>"; };
		4A05E0A11FDC1CE500C8B8B3 /* libOpenThreads.a */ = {isa = PBXFileReference; lastKnownFileType = archive.ar; name = libOpenThreads.a; path = lib/libOpenThreads.a; sourceTree = "<group>"; };
		4A05E0A21FDC1CE500C8B8B3 /* libosgdb_deprecated_osgparticle.a */ = {isa = PBXFileReference; lastKnownFileType = archive.ar; name = libosgdb_deprecated_osgparticle.a; path = lib/libosgdb_deprecated_osgparticle.a; sourceTree = "<group>"; };
		4A05E0A31FDC1CE500C8B8B3 /* libosgdb_serializers_osgviewer.a */ = {isa = PBXFileReference; lastKnownFileType = archive.ar; name = libosgdb_serializers_osgviewer.a; path = lib/libosgdb_serializers_osgviewer.a; sourceTree = "<group>"; };
		4A05E0A41FDC1CE500C8B8B3 /* libosgdb_deprecated_osganimation.a */ = {isa = PBXFileReference; lastKnownFileType = archive.ar; name = libosgdb_deprecated_osganimation.a; path = lib/libosgdb_deprecated_osganimation.a; sourceTree = "<group>"; };
		4A05E0A51FDC1CE500C8B8B3 /* libosgdb_osgshadow.a */ = {isa = PBXFileReference; lastKnownFileType = archive.ar; name = libosgdb_osgshadow.a; path = lib/libosgdb_osgshadow.a; sourceTree = "<group>"; };
		4A05E10E1FDC1D6000C8B8B3 /* MobileCoreServices.framework */ = {isa = PBXFileReference; lastKnownFileType = wrapper.framework; name = MobileCoreServices.framework; path = System/Library/Frameworks/MobileCoreServices.framework; sourceTree = SDKROOT; };
		4A05E1101FDC1E7C00C8B8B3 /* model0.dat */ = {isa = PBXFileReference; fileEncoding = 4; lastKnownFileType = text; name = model0.dat; path = ../model0.dat; sourceTree = "<group>"; };
		4A05E1111FDC1E7C00C8B8B3 /* model1.dat */ = {isa = PBXFileReference; fileEncoding = 4; lastKnownFileType = text; name = model1.dat; path = ../model1.dat; sourceTree = "<group>"; };
		4A05E1191FDC1EA500C8B8B3 /* OSG */ = {isa = PBXFileReference; lastKnownFileType = folder; name = OSG; path = ../OSG; sourceTree = "<group>"; };
		4A1EB552203B746300BDEC89 /* ARX */ = {isa = PBXFileReference; lastKnownFileType = text; path = ARX; sourceTree = "<group>"; };
		4A267D222058C4E8009B1032 /* opencv2.framework */ = {isa = PBXFileReference; lastKnownFileType = wrapper.framework; name = opencv2.framework; path = ../../../Source/depends/ios/Frameworks/opencv2.framework; sourceTree = "<group>"; };
		4A70A0E11DC7F425005A4F69 /* artoolkitX Square Tracking Example with OSG.app */ = {isa = PBXFileReference; explicitFileType = wrapper.application; includeInIndex = 0; path = "artoolkitX Square Tracking Example with OSG.app"; sourceTree = BUILT_PRODUCTS_DIR; };
		4A70A0E51DC7F425005A4F69 /* main.m */ = {isa = PBXFileReference; lastKnownFileType = sourcecode.c.objc; path = main.m; sourceTree = "<group>"; };
		4A70A0E71DC7F425005A4F69 /* AppDelegate.h */ = {isa = PBXFileReference; lastKnownFileType = sourcecode.c.h; path = AppDelegate.h; sourceTree = "<group>"; };
		4A70A0E81DC7F425005A4F69 /* AppDelegate.m */ = {isa = PBXFileReference; lastKnownFileType = sourcecode.c.objc; path = AppDelegate.m; sourceTree = "<group>"; };
		4A70A0EE1DC7F425005A4F69 /* ARViewController.h */ = {isa = PBXFileReference; lastKnownFileType = sourcecode.c.h; path = ARViewController.h; sourceTree = "<group>"; };
		4A70A0EF1DC7F425005A4F69 /* ARViewController.mm */ = {isa = PBXFileReference; lastKnownFileType = sourcecode.cpp.objcpp; path = ARViewController.mm; sourceTree = "<group>"; };
		4A70A0F41DC7F425005A4F69 /* Assets.xcassets */ = {isa = PBXFileReference; lastKnownFileType = folder.assetcatalog; path = Assets.xcassets; sourceTree = "<group>"; };
		4A70A0F91DC7F425005A4F69 /* Info.plist */ = {isa = PBXFileReference; lastKnownFileType = text.plist.xml; path = Info.plist; sourceTree = "<group>"; };
		4A70A10B1DC7F773005A4F69 /* Base */ = {isa = PBXFileReference; lastKnownFileType = file.storyboard; name = Base; path = Base.lproj/LaunchScreen.storyboard; sourceTree = "<group>"; };
		4A70A10D1DC7F773005A4F69 /* Base */ = {isa = PBXFileReference; lastKnownFileType = file.storyboard; name = Base; path = Base.lproj/Main.storyboard; sourceTree = "<group>"; };
		4A70A1101DC7F963005A4F69 /* draw.h */ = {isa = PBXFileReference; fileEncoding = 4; lastKnownFileType = sourcecode.c.h; name = draw.h; path = ../draw.h; sourceTree = "<group>"; };
		4A70A1191DC7FADC005A4F69 /* libARX.a */ = {isa = PBXFileReference; lastKnownFileType = archive.ar; path = libARX.a; sourceTree = "<group>"; };
		4A70A11F1DC80645005A4F69 /* libcurl.a */ = {isa = PBXFileReference; lastKnownFileType = archive.ar; name = libcurl.a; path = ../../../Source/depends/ios/lib/libcurl.a; sourceTree = "<group>"; };
		4A70A1211DC80645005A4F69 /* libjpeg.a */ = {isa = PBXFileReference; lastKnownFileType = archive.ar; name = libjpeg.a; path = ../../../Source/depends/ios/lib/libjpeg.a; sourceTree = "<group>"; };
		4A70A1271DC80678005A4F69 /* libsqlite3.tbd */ = {isa = PBXFileReference; lastKnownFileType = "sourcecode.text-based-dylib-definition"; name = libsqlite3.tbd; path = usr/lib/libsqlite3.tbd; sourceTree = SDKROOT; };
		4A70A1291DC8067E005A4F69 /* AVFoundation.framework */ = {isa = PBXFileReference; lastKnownFileType = wrapper.framework; name = AVFoundation.framework; path = System/Library/Frameworks/AVFoundation.framework; sourceTree = SDKROOT; };
		4A70A12B1DC8068F005A4F69 /* libz.tbd */ = {isa = PBXFileReference; lastKnownFileType = "sourcecode.text-based-dylib-definition"; name = libz.tbd; path = usr/lib/libz.tbd; sourceTree = SDKROOT; };
		4A70A12D1DC80699005A4F69 /* GLKit.framework */ = {isa = PBXFileReference; lastKnownFileType = wrapper.framework; name = GLKit.framework; path = System/Library/Frameworks/GLKit.framework; sourceTree = SDKROOT; };
		4A70A12F1DC806A7005A4F69 /* CoreMedia.framework */ = {isa = PBXFileReference; lastKnownFileType = wrapper.framework; name = CoreMedia.framework; path = System/Library/Frameworks/CoreMedia.framework; sourceTree = SDKROOT; };
		4A70A1311DC806A9005A4F69 /* Accelerate.framework */ = {isa = PBXFileReference; lastKnownFileType = wrapper.framework; name = Accelerate.framework; path = System/Library/Frameworks/Accelerate.framework; sourceTree = SDKROOT; };
		4A70A1331DC806B9005A4F69 /* AudioToolbox.framework */ = {isa = PBXFileReference; lastKnownFileType = wrapper.framework; name = AudioToolbox.framework; path = System/Library/Frameworks/AudioToolbox.framework; sourceTree = SDKROOT; };
		4A9707901DD152D200FF507D /* CoreMotion.framework */ = {isa = PBXFileReference; lastKnownFileType = wrapper.framework; name = CoreMotion.framework; path = System/Library/Frameworks/CoreMotion.framework; sourceTree = SDKROOT; };
		4AC06DF21F73739100CCBEF6 /* hiro.patt */ = {isa = PBXFileReference; fileEncoding = 4; lastKnownFileType = text; name = hiro.patt; path = ../hiro.patt; sourceTree = "<group>"; };
		4AC06DF31F73739100CCBEF6 /* kanji.patt */ = {isa = PBXFileReference; fileEncoding = 4; lastKnownFileType = text; name = kanji.patt; path = ../kanji.patt; sourceTree = "<group>"; };
		4AD4199F1E70F1D100DC036C /* libstdc++.tbd */ = {isa = PBXFileReference; lastKnownFileType = "sourcecode.text-based-dylib-definition"; name = "libstdc++.tbd"; path = "usr/lib/libstdc++.tbd"; sourceTree = SDKROOT; };
/* End PBXFileReference section */

/* Begin PBXFrameworksBuildPhase section */
		4A70A0DE1DC7F425005A4F69 /* Frameworks */ = {
			isa = PBXFrameworksBuildPhase;
			buildActionMask = 2147483647;
			files = (
				4A05E10F1FDC1D6000C8B8B3 /* MobileCoreServices.framework in Frameworks */,
				4A05E0EF1FDC1CE500C8B8B3 /* libosgdb_x.a in Frameworks */,
				4A05E0E41FDC1CE500C8B8B3 /* libosgdb_serializers_osgvolume.a in Frameworks */,
				4A05E0CD1FDC1CE500C8B8B3 /* libosgdb_bmp.a in Frameworks */,
				4A05E0F51FDC1CE500C8B8B3 /* libosgdb_dxf.a in Frameworks */,
				4A05E0EB1FDC1CE500C8B8B3 /* libosgdb_md2.a in Frameworks */,
				4A05E1011FDC1CE500C8B8B3 /* libosgdb_serializers_osgshadow.a in Frameworks */,
				4A05E1031FDC1CE500C8B8B3 /* libosgdb_serializers_osgui.a in Frameworks */,
				4A05E0A71FDC1CE500C8B8B3 /* libosgViewer.a in Frameworks */,
				4A70A11A1DC7FADC005A4F69 /* libARX.a in Frameworks */,
				4A05E0EA1FDC1CE500C8B8B3 /* libosgdb_tgz.a in Frameworks */,
				4A05E0E91FDC1CE500C8B8B3 /* libosgdb_serializers_osgutil.a in Frameworks */,
				4A70A1251DC80645005A4F69 /* libjpeg.a in Frameworks */,
				4A05E0D61FDC1CE500C8B8B3 /* libosgdb_pdf.a in Frameworks */,
				4A05E0B71FDC1CE500C8B8B3 /* libosgdb_deprecated_osgsim.a in Frameworks */,
				4A05E0D31FDC1CE500C8B8B3 /* libosgdb_hdr.a in Frameworks */,
				4A05E0FD1FDC1CE500C8B8B3 /* libosgdb_pic.a in Frameworks */,
				4A05E0C31FDC1CE500C8B8B3 /* libosgUtil.a in Frameworks */,
				4A05E0F71FDC1CE500C8B8B3 /* libosgdb_osgtgz.a in Frameworks */,
				4A05E0C01FDC1CE500C8B8B3 /* libosgdb_normals.a in Frameworks */,
				4A05E0F31FDC1CE500C8B8B3 /* libosgdb_osc.a in Frameworks */,
				4A05E0D51FDC1CE500C8B8B3 /* libosgdb_p3d.a in Frameworks */,
				4A05E0C91FDC1CE500C8B8B3 /* libosgdb_serializers_osgfx.a in Frameworks */,
				4A05E10D1FDC1CE500C8B8B3 /* libosgdb_osgshadow.a in Frameworks */,
				4A05E1001FDC1CE500C8B8B3 /* libosgdb_bvh.a in Frameworks */,
				4A05E0CE1FDC1CE500C8B8B3 /* libosgdb_pov.a in Frameworks */,
				4A05E0B61FDC1CE500C8B8B3 /* libosgSim.a in Frameworks */,
				4A05E0EC1FDC1CE500C8B8B3 /* libosgdb_lws.a in Frameworks */,
				4A05E1021FDC1CE500C8B8B3 /* libosgdb_lua.a in Frameworks */,
				4A05E0EE1FDC1CE500C8B8B3 /* libosgdb_zip.a in Frameworks */,
				4A05E0E61FDC1CE500C8B8B3 /* libosgdb_tga.a in Frameworks */,
				4A05E0ED1FDC1CE500C8B8B3 /* libosgdb_3dc.a in Frameworks */,
				4A05E0E01FDC1CE500C8B8B3 /* libosgdb_freetype.a in Frameworks */,
				4A05E0FF1FDC1CE500C8B8B3 /* libosgdb_gles.a in Frameworks */,
				4A05E03D1FDC1CCD00C8B8B3 /* libosgTerrain.a in Frameworks */,
				4A05E0A81FDC1CE500C8B8B3 /* libosgdb_deprecated_osgterrain.a in Frameworks */,
				4A05E0AC1FDC1CE500C8B8B3 /* libosgdb_osg.a in Frameworks */,
				4A05E0F01FDC1CE500C8B8B3 /* libosgdb_bsp.a in Frameworks */,
				4A05E0C51FDC1CE500C8B8B3 /* libosgdb_serializers_osgparticle.a in Frameworks */,
				4A05E0B41FDC1CE500C8B8B3 /* libosgdb_rot.a in Frameworks */,
				4A05E0C21FDC1CE500C8B8B3 /* libosgdb_deprecated_osgfx.a in Frameworks */,
				4A05E0BD1FDC1CE500C8B8B3 /* libosgdb_cfg.a in Frameworks */,
				4A05E1051FDC1CE500C8B8B3 /* libosgdb_ktx.a in Frameworks */,
				4A05E0D01FDC1CE500C8B8B3 /* libosgdb_deprecated_osgwidget.a in Frameworks */,
				4A05E0F91FDC1CE500C8B8B3 /* libosgdb_serializers_osganimation.a in Frameworks */,
				4A70A1231DC80645005A4F69 /* libcurl.a in Frameworks */,
				4A05E0DE1FDC1CE500C8B8B3 /* libosgdb_scale.a in Frameworks */,
				4A05E0AB1FDC1CE500C8B8B3 /* libosgdb_dds.a in Frameworks */,
				4A05E0D11FDC1CE500C8B8B3 /* libosgGA.a in Frameworks */,
				4A05E0D71FDC1CE500C8B8B3 /* libosgdb_serializers_osgga.a in Frameworks */,
				4A05E0E81FDC1CE500C8B8B3 /* libosgdb_openflight.a in Frameworks */,
				4A05E0BC1FDC1CE500C8B8B3 /* libosgUI.a in Frameworks */,
				4A05E0C71FDC1CE500C8B8B3 /* libosgdb_deprecated_osgvolume.a in Frameworks */,
				4A05E0B01FDC1CE500C8B8B3 /* libosgdb_serializers_osgmanipulator.a in Frameworks */,
				4A70A1341DC806B9005A4F69 /* AudioToolbox.framework in Frameworks */,
				4A05E0DF1FDC1CE500C8B8B3 /* libosgdb_serializers_osgsim.a in Frameworks */,
				4A05E0DB1FDC1CE500C8B8B3 /* libosgdb_jp2.a in Frameworks */,
				4A05E0E21FDC1CE500C8B8B3 /* libosgdb_serializers_osgterrain.a in Frameworks */,
				4A05E0E11FDC1CE500C8B8B3 /* libosgdb_revisions.a in Frameworks */,
				4A05E0DA1FDC1CE500C8B8B3 /* libosgdb_obj.a in Frameworks */,
				4A05E0B21FDC1CE500C8B8B3 /* libosgWidget.a in Frameworks */,
				4A05E0F41FDC1CE500C8B8B3 /* libosgdb_txf.a in Frameworks */,
				4A05E0BB1FDC1CE500C8B8B3 /* libosgdb_mdl.a in Frameworks */,
				4A05E0AE1FDC1CE500C8B8B3 /* libosgdb_osgjs.a in Frameworks */,
				4A70A1321DC806A9005A4F69 /* Accelerate.framework in Frameworks */,
				4A05E10B1FDC1CE500C8B8B3 /* libosgdb_serializers_osgviewer.a in Frameworks */,
				4A05E0FB1FDC1CE500C8B8B3 /* libosgdb_osga.a in Frameworks */,
				4A05E0F11FDC1CE500C8B8B3 /* libosgdb_logo.a in Frameworks */,
				4A05E0CA1FDC1CE500C8B8B3 /* libosgdb_zeroconf.a in Frameworks */,
				4A05E0B11FDC1CE500C8B8B3 /* libosgdb_glsl.a in Frameworks */,
				4A05E0F61FDC1CE500C8B8B3 /* libosgdb_pvr.a in Frameworks */,
				4A05E0B31FDC1CE500C8B8B3 /* libosgdb_stl.a in Frameworks */,
				4A05E1061FDC1CE500C8B8B3 /* libosgPresentation.a in Frameworks */,
				4A05E0A91FDC1CE500C8B8B3 /* libosgdb_curl.a in Frameworks */,
				4A05E0C81FDC1CE500C8B8B3 /* libosgdb_imageio.a in Frameworks */,
				4A70A12A1DC8067E005A4F69 /* AVFoundation.framework in Frameworks */,
				4A05E0AD1FDC1CE500C8B8B3 /* libosgVolume.a in Frameworks */,
				4A05E0D21FDC1CE500C8B8B3 /* libosgdb_pnm.a in Frameworks */,
				4A05E0DD1FDC1CE500C8B8B3 /* libosgdb_3ds.a in Frameworks */,
				4A05E0CB1FDC1CE500C8B8B3 /* libosgFX.a in Frameworks */,
				4A70A1301DC806A7005A4F69 /* CoreMedia.framework in Frameworks */,
				4A05E0FC1FDC1CE500C8B8B3 /* libosgParticle.a in Frameworks */,
				4A05E1041FDC1CE500C8B8B3 /* libosgdb_osgterrain.a in Frameworks */,
				4A05E0C61FDC1CE500C8B8B3 /* libosgdb_deprecated_osg.a in Frameworks */,
				4A05E0B91FDC1CE500C8B8B3 /* libosgDB.a in Frameworks */,
				4A267D232058C4E9009B1032 /* opencv2.framework in Frameworks */,
				4A05E0D41FDC1CE500C8B8B3 /* libosgdb_osgviewer.a in Frameworks */,
				4A05E0C11FDC1CE500C8B8B3 /* libosgdb_shp.a in Frameworks */,
				4A05E1071FDC1CE500C8B8B3 /* libosgdb_serializers_osgtext.a in Frameworks */,
				4A9707911DD152D200FF507D /* CoreMotion.framework in Frameworks */,
				4A05E0BA1FDC1CE500C8B8B3 /* libfreetype.a in Frameworks */,
				4A70A12E1DC80699005A4F69 /* GLKit.framework in Frameworks */,
				4A05E10A1FDC1CE500C8B8B3 /* libosgdb_deprecated_osgparticle.a in Frameworks */,
				4A05E0FE1FDC1CE500C8B8B3 /* libosgdb_serializers_osg.a in Frameworks */,
				4A05E1091FDC1CE500C8B8B3 /* libOpenThreads.a in Frameworks */,
				4A05E0CC1FDC1CE500C8B8B3 /* libosgdb_avfoundation.a in Frameworks */,
				4A05E0BE1FDC1CE500C8B8B3 /* libosgdb_deprecated_osgshadow.a in Frameworks */,
				4A05E0A61FDC1CE500C8B8B3 /* libosgdb_jpeg.a in Frameworks */,
				4A05E0B81FDC1CE500C8B8B3 /* libosgdb_ac.a in Frameworks */,
				4A05E0BF1FDC1CE500C8B8B3 /* libosgdb_dot.a in Frameworks */,
				4A05E0DC1FDC1CE500C8B8B3 /* libosgdb_trans.a in Frameworks */,
				4A05E0D91FDC1CE500C8B8B3 /* libosgdb_vtf.a in Frameworks */,
				4A05E0F81FDC1CE500C8B8B3 /* libosgdb_trk.a in Frameworks */,
				4A05E0E31FDC1CE500C8B8B3 /* libosgManipulator.a in Frameworks */,
				4A05E0FA1FDC1CE500C8B8B3 /* libosgAnimation.a in Frameworks */,
				4A05E1081FDC1CE500C8B8B3 /* libosgdb_deprecated_osgtext.a in Frameworks */,
				4A05E0E51FDC1CE500C8B8B3 /* libosgdb_ive.a in Frameworks */,
				4A05E0AA1FDC1CE500C8B8B3 /* libosgText.a in Frameworks */,
				4A05E0B51FDC1CE500C8B8B3 /* libosgdb_tf.a in Frameworks */,
				4A05E0E71FDC1CE500C8B8B3 /* libosgdb_gz.a in Frameworks */,
				4A70A1281DC80678005A4F69 /* libsqlite3.tbd in Frameworks */,
				4A70A12C1DC8068F005A4F69 /* libz.tbd in Frameworks */,
				4A05E0F21FDC1CE500C8B8B3 /* libosgShadow.a in Frameworks */,
				4A05E10C1FDC1CE500C8B8B3 /* libosgdb_deprecated_osganimation.a in Frameworks */,
				4A05E0AF1FDC1CE500C8B8B3 /* libosgdb_deprecated_osgviewer.a in Frameworks */,
				4A05E0D81FDC1CE500C8B8B3 /* libosgdb_sdl.a in Frameworks */,
				4A05E0CF1FDC1CE500C8B8B3 /* libosg.a in Frameworks */,
				4AD419A01E70F1D100DC036C /* libstdc++.tbd in Frameworks */,
				4A05E0C41FDC1CE500C8B8B3 /* libosgdb_rgb.a in Frameworks */,
			);
			runOnlyForDeploymentPostprocessing = 0;
		};
/* End PBXFrameworksBuildPhase section */

/* Begin PBXGroup section */
		4A70A0D81DC7F425005A4F69 = {
			isa = PBXGroup;
			children = (
				4A70A1051DC7F5CF005A4F69 /* Source */,
				4A70A1061DC7F5D6005A4F69 /* Resources */,
				4A70A1141DC7FA48005A4F69 /* SDK */,
				4A70A11D1DC8061B005A4F69 /* External Libraries and Frameworks */,
				4A70A0E21DC7F425005A4F69 /* Products */,
				4A70A1261DC80678005A4F69 /* Frameworks */,
			);
			sourceTree = "<group>";
		};
		4A70A0E21DC7F425005A4F69 /* Products */ = {
			isa = PBXGroup;
			children = (
				4A70A0E11DC7F425005A4F69 /* artoolkitX Square Tracking Example with OSG.app */,
			);
			name = Products;
			sourceTree = "<group>";
		};
		4A70A1051DC7F5CF005A4F69 /* Source */ = {
			isa = PBXGroup;
			children = (
				4A70A0E51DC7F425005A4F69 /* main.m */,
				4A70A0E71DC7F425005A4F69 /* AppDelegate.h */,
				4A70A0E81DC7F425005A4F69 /* AppDelegate.m */,
				4A70A0EE1DC7F425005A4F69 /* ARViewController.h */,
				4A70A0EF1DC7F425005A4F69 /* ARViewController.mm */,
				4A70A1101DC7F963005A4F69 /* draw.h */,
				4A05E0351FDC1B6F00C8B8B3 /* drawOSG.cpp */,
				4A05E0371FDC1B8300C8B8B3 /* arosg.h */,
				4A05E0381FDC1B8300C8B8B3 /* arosg.cpp */,
				4A05E03A1FDC1C8B00C8B8B3 /* osgPlugins.h */,
				4A05E03B1FDC1C8C00C8B8B3 /* shaders.h */,
			);
			name = Source;
			sourceTree = "<group>";
		};
		4A70A1061DC7F5D6005A4F69 /* Resources */ = {
			isa = PBXGroup;
			children = (
				4AC06DF21F73739100CCBEF6 /* hiro.patt */,
				4AC06DF31F73739100CCBEF6 /* kanji.patt */,
				4A05E1101FDC1E7C00C8B8B3 /* model0.dat */,
				4A05E1111FDC1E7C00C8B8B3 /* model1.dat */,
				4A05E1191FDC1EA500C8B8B3 /* OSG */,
				4A70A0F41DC7F425005A4F69 /* Assets.xcassets */,
				4A70A10A1DC7F773005A4F69 /* LaunchScreen.storyboard */,
				4A70A10C1DC7F773005A4F69 /* Main.storyboard */,
				4A70A0F91DC7F425005A4F69 /* Info.plist */,
			);
			name = Resources;
			sourceTree = "<group>";
		};
		4A70A1141DC7FA48005A4F69 /* SDK */ = {
			isa = PBXGroup;
			children = (
				4A70A1161DC7FA83005A4F69 /* lib */,
				4A70A1151DC7FA7C005A4F69 /* include */,
			);
			name = SDK;
			path = ../../../SDK;
			sourceTree = "<group>";
		};
		4A70A1151DC7FA7C005A4F69 /* include */ = {
			isa = PBXGroup;
			children = (
				4A1EB552203B746300BDEC89 /* ARX */,
			);
			path = include;
			sourceTree = "<group>";
		};
		4A70A1161DC7FA83005A4F69 /* lib */ = {
			isa = PBXGroup;
			children = (
				4A70A1191DC7FADC005A4F69 /* libARX.a */,
			);
			path = lib;
			sourceTree = "<group>";
		};
		4A70A11D1DC8061B005A4F69 /* External Libraries and Frameworks */ = {
			isa = PBXGroup;
			children = (
				4A70A11F1DC80645005A4F69 /* libcurl.a */,
				4A70A1211DC80645005A4F69 /* libjpeg.a */,
				4A267D222058C4E8009B1032 /* opencv2.framework */,
				4A05E0521FDC1CDD00C8B8B3 /* libfreetype.a */,
				4A05E0A11FDC1CE500C8B8B3 /* libOpenThreads.a */,
				4A05E0671FDC1CDD00C8B8B3 /* libosg.a */,
				4A05E0921FDC1CE100C8B8B3 /* libosgAnimation.a */,
				4A05E0851FDC1CE000C8B8B3 /* libosgdb_3dc.a */,
				4A05E0751FDC1CDF00C8B8B3 /* libosgdb_3ds.a */,
				4A05E0501FDC1CDC00C8B8B3 /* libosgdb_ac.a */,
				4A05E0641FDC1CDD00C8B8B3 /* libosgdb_avfoundation.a */,
				4A05E0651FDC1CDD00C8B8B3 /* libosgdb_bmp.a */,
				4A05E0881FDC1CE000C8B8B3 /* libosgdb_bsp.a */,
				4A05E0981FDC1CE300C8B8B3 /* libosgdb_bvh.a */,
				4A05E0551FDC1CDD00C8B8B3 /* libosgdb_cfg.a */,
				4A05E0411FDC1CDC00C8B8B3 /* libosgdb_curl.a */,
				4A05E0431FDC1CDC00C8B8B3 /* libosgdb_dds.a */,
				4A05E05E1FDC1CDD00C8B8B3 /* libosgdb_deprecated_osg.a */,
				4A05E0A41FDC1CE500C8B8B3 /* libosgdb_deprecated_osganimation.a */,
				4A05E05A1FDC1CDD00C8B8B3 /* libosgdb_deprecated_osgfx.a */,
				4A05E0A21FDC1CE500C8B8B3 /* libosgdb_deprecated_osgparticle.a */,
				4A05E0561FDC1CDD00C8B8B3 /* libosgdb_deprecated_osgshadow.a */,
				4A05E04F1FDC1CDC00C8B8B3 /* libosgdb_deprecated_osgsim.a */,
				4A05E0401FDC1CDC00C8B8B3 /* libosgdb_deprecated_osgterrain.a */,
				4A05E0A01FDC1CE400C8B8B3 /* libosgdb_deprecated_osgtext.a */,
				4A05E0471FDC1CDC00C8B8B3 /* libosgdb_deprecated_osgviewer.a */,
				4A05E05F1FDC1CDD00C8B8B3 /* libosgdb_deprecated_osgvolume.a */,
				4A05E0681FDC1CDD00C8B8B3 /* libosgdb_deprecated_osgwidget.a */,
				4A05E0571FDC1CDD00C8B8B3 /* libosgdb_dot.a */,
				4A05E08D1FDC1CE100C8B8B3 /* libosgdb_dxf.a */,
				4A05E0781FDC1CDF00C8B8B3 /* libosgdb_freetype.a */,
				4A05E0971FDC1CE300C8B8B3 /* libosgdb_gles.a */,
				4A05E0491FDC1CDC00C8B8B3 /* libosgdb_glsl.a */,
				4A05E07F1FDC1CDF00C8B8B3 /* libosgdb_gz.a */,
				4A05E06B1FDC1CDE00C8B8B3 /* libosgdb_hdr.a */,
				4A05E0601FDC1CDD00C8B8B3 /* libosgdb_imageio.a */,
				4A05E07D1FDC1CDF00C8B8B3 /* libosgdb_ive.a */,
				4A05E0731FDC1CDE00C8B8B3 /* libosgdb_jp2.a */,
				4A05E03E1FDC1CDC00C8B8B3 /* libosgdb_jpeg.a */,
				4A05E09D1FDC1CE400C8B8B3 /* libosgdb_ktx.a */,
				4A05E0891FDC1CE000C8B8B3 /* libosgdb_logo.a */,
				4A05E09A1FDC1CE300C8B8B3 /* libosgdb_lua.a */,
				4A05E0841FDC1CE000C8B8B3 /* libosgdb_lws.a */,
				4A05E0831FDC1CE000C8B8B3 /* libosgdb_md2.a */,
				4A05E0531FDC1CDD00C8B8B3 /* libosgdb_mdl.a */,
				4A05E0581FDC1CDD00C8B8B3 /* libosgdb_normals.a */,
				4A05E0721FDC1CDE00C8B8B3 /* libosgdb_obj.a */,
				4A05E0801FDC1CE000C8B8B3 /* libosgdb_openflight.a */,
				4A05E08B1FDC1CE100C8B8B3 /* libosgdb_osc.a */,
				4A05E0441FDC1CDC00C8B8B3 /* libosgdb_osg.a */,
				4A05E0931FDC1CE200C8B8B3 /* libosgdb_osga.a */,
				4A05E0461FDC1CDC00C8B8B3 /* libosgdb_osgjs.a */,
				4A05E0A51FDC1CE500C8B8B3 /* libosgdb_osgshadow.a */,
				4A05E09C1FDC1CE400C8B8B3 /* libosgdb_osgterrain.a */,
				4A05E08F1FDC1CE100C8B8B3 /* libosgdb_osgtgz.a */,
				4A05E06C1FDC1CDE00C8B8B3 /* libosgdb_osgviewer.a */,
				4A05E06D1FDC1CDE00C8B8B3 /* libosgdb_p3d.a */,
				4A05E06E1FDC1CDE00C8B8B3 /* libosgdb_pdf.a */,
				4A05E0951FDC1CE200C8B8B3 /* libosgdb_pic.a */,
				4A05E06A1FDC1CDE00C8B8B3 /* libosgdb_pnm.a */,
				4A05E0661FDC1CDD00C8B8B3 /* libosgdb_pov.a */,
				4A05E08E1FDC1CE100C8B8B3 /* libosgdb_pvr.a */,
				4A05E0791FDC1CDF00C8B8B3 /* libosgdb_revisions.a */,
				4A05E05C1FDC1CDD00C8B8B3 /* libosgdb_rgb.a */,
				4A05E04C1FDC1CDC00C8B8B3 /* libosgdb_rot.a */,
				4A05E0761FDC1CDF00C8B8B3 /* libosgdb_scale.a */,
				4A05E0701FDC1CDE00C8B8B3 /* libosgdb_sdl.a */,
				4A05E0961FDC1CE200C8B8B3 /* libosgdb_serializers_osg.a */,
				4A05E0911FDC1CE100C8B8B3 /* libosgdb_serializers_osganimation.a */,
				4A05E0611FDC1CDD00C8B8B3 /* libosgdb_serializers_osgfx.a */,
				4A05E06F1FDC1CDE00C8B8B3 /* libosgdb_serializers_osgga.a */,
				4A05E0481FDC1CDC00C8B8B3 /* libosgdb_serializers_osgmanipulator.a */,
				4A05E05D1FDC1CDD00C8B8B3 /* libosgdb_serializers_osgparticle.a */,
				4A05E0991FDC1CE300C8B8B3 /* libosgdb_serializers_osgshadow.a */,
				4A05E0771FDC1CDF00C8B8B3 /* libosgdb_serializers_osgsim.a */,
				4A05E07A1FDC1CDF00C8B8B3 /* libosgdb_serializers_osgterrain.a */,
				4A05E09F1FDC1CE400C8B8B3 /* libosgdb_serializers_osgtext.a */,
				4A05E09B1FDC1CE400C8B8B3 /* libosgdb_serializers_osgui.a */,
				4A05E0811FDC1CE000C8B8B3 /* libosgdb_serializers_osgutil.a */,
				4A05E0A31FDC1CE500C8B8B3 /* libosgdb_serializers_osgviewer.a */,
				4A05E07C1FDC1CDF00C8B8B3 /* libosgdb_serializers_osgvolume.a */,
				4A05E0591FDC1CDD00C8B8B3 /* libosgdb_shp.a */,
				4A05E04B1FDC1CDC00C8B8B3 /* libosgdb_stl.a */,
				4A05E04D1FDC1CDC00C8B8B3 /* libosgdb_tf.a */,
				4A05E07E1FDC1CDF00C8B8B3 /* libosgdb_tga.a */,
				4A05E0821FDC1CE000C8B8B3 /* libosgdb_tgz.a */,
				4A05E0741FDC1CDF00C8B8B3 /* libosgdb_trans.a */,
				4A05E0901FDC1CE100C8B8B3 /* libosgdb_trk.a */,
				4A05E08C1FDC1CE100C8B8B3 /* libosgdb_txf.a */,
				4A05E0711FDC1CDE00C8B8B3 /* libosgdb_vtf.a */,
				4A05E0871FDC1CE000C8B8B3 /* libosgdb_x.a */,
				4A05E0621FDC1CDD00C8B8B3 /* libosgdb_zeroconf.a */,
				4A05E0861FDC1CE000C8B8B3 /* libosgdb_zip.a */,
				4A05E0511FDC1CDC00C8B8B3 /* libosgDB.a */,
				4A05E0631FDC1CDD00C8B8B3 /* libosgFX.a */,
				4A05E0691FDC1CDD00C8B8B3 /* libosgGA.a */,
				4A05E07B1FDC1CDF00C8B8B3 /* libosgManipulator.a */,
				4A05E0941FDC1CE200C8B8B3 /* libosgParticle.a */,
				4A05E09E1FDC1CE400C8B8B3 /* libosgPresentation.a */,
				4A05E08A1FDC1CE000C8B8B3 /* libosgShadow.a */,
				4A05E04E1FDC1CDC00C8B8B3 /* libosgSim.a */,
				4A05E0421FDC1CDC00C8B8B3 /* libosgText.a */,
				4A05E0541FDC1CDD00C8B8B3 /* libosgUI.a */,
				4A05E05B1FDC1CDD00C8B8B3 /* libosgUtil.a */,
				4A05E03F1FDC1CDC00C8B8B3 /* libosgViewer.a */,
				4A05E0451FDC1CDC00C8B8B3 /* libosgVolume.a */,
				4A05E04A1FDC1CDC00C8B8B3 /* libosgWidget.a */,
				4A05E03C1FDC1CCD00C8B8B3 /* libosgTerrain.a */,
			);
			name = "External Libraries and Frameworks";
			sourceTree = "<group>";
		};
		4A70A1261DC80678005A4F69 /* Frameworks */ = {
			isa = PBXGroup;
			children = (
				4A05E10E1FDC1D6000C8B8B3 /* MobileCoreServices.framework */,
				4AD4199F1E70F1D100DC036C /* libstdc++.tbd */,
				4A70A1331DC806B9005A4F69 /* AudioToolbox.framework */,
				4A70A1311DC806A9005A4F69 /* Accelerate.framework */,
				4A70A12F1DC806A7005A4F69 /* CoreMedia.framework */,
				4A9707901DD152D200FF507D /* CoreMotion.framework */,
				4A70A12D1DC80699005A4F69 /* GLKit.framework */,
				4A70A12B1DC8068F005A4F69 /* libz.tbd */,
				4A70A1291DC8067E005A4F69 /* AVFoundation.framework */,
				4A70A1271DC80678005A4F69 /* libsqlite3.tbd */,
			);
			name = Frameworks;
			sourceTree = "<group>";
		};
/* End PBXGroup section */

/* Begin PBXNativeTarget section */
		4A70A0E01DC7F425005A4F69 /* artoolkitX Square Tracking Example with OSG */ = {
			isa = PBXNativeTarget;
			buildConfigurationList = 4A70A0FC1DC7F425005A4F69 /* Build configuration list for PBXNativeTarget "artoolkitX Square Tracking Example with OSG" */;
			buildPhases = (
				4A70A0DD1DC7F425005A4F69 /* Sources */,
				4A70A0DE1DC7F425005A4F69 /* Frameworks */,
				4A70A0DF1DC7F425005A4F69 /* Resources */,
			);
			buildRules = (
			);
			dependencies = (
			);
			name = "artoolkitX Square Tracking Example with OSG";
			productName = "artoolkitX Tracking Example";
			productReference = 4A70A0E11DC7F425005A4F69 /* artoolkitX Square Tracking Example with OSG.app */;
			productType = "com.apple.product-type.application";
		};
/* End PBXNativeTarget section */

/* Begin PBXProject section */
		4A70A0D91DC7F425005A4F69 /* Project object */ = {
			isa = PBXProject;
			attributes = {
				LastUpgradeCheck = 0930;
				ORGANIZATIONNAME = artoolkit.org;
				TargetAttributes = {
					4A70A0E01DC7F425005A4F69 = {
						CreatedOnToolsVersion = 8.0;
						DevelopmentTeam = 7ER2WP8VB3;
						ProvisioningStyle = Automatic;
					};
				};
			};
			buildConfigurationList = 4A70A0DC1DC7F425005A4F69 /* Build configuration list for PBXProject "artoolkitX Square Tracking Example with OSG" */;
			compatibilityVersion = "Xcode 3.2";
			developmentRegion = English;
			hasScannedForEncodings = 0;
			knownRegions = (
				en,
				Base,
			);
			mainGroup = 4A70A0D81DC7F425005A4F69;
			productRefGroup = 4A70A0E21DC7F425005A4F69 /* Products */;
			projectDirPath = "";
			projectRoot = "";
			targets = (
				4A70A0E01DC7F425005A4F69 /* artoolkitX Square Tracking Example with OSG */,
			);
		};
/* End PBXProject section */

/* Begin PBXResourcesBuildPhase section */
		4A70A0DF1DC7F425005A4F69 /* Resources */ = {
			isa = PBXResourcesBuildPhase;
			buildActionMask = 2147483647;
			files = (
				4A1EB553203B746300BDEC89 /* ARX in Resources */,
				4A05E11A1FDC1EA500C8B8B3 /* OSG in Resources */,
				4AC06DF41F73739100CCBEF6 /* hiro.patt in Resources */,
				4AC06DF51F73739100CCBEF6 /* kanji.patt in Resources */,
				4A05E1161FDC1E7C00C8B8B3 /* model1.dat in Resources */,
				4A70A10F1DC7F773005A4F69 /* Main.storyboard in Resources */,
				4A05E1151FDC1E7C00C8B8B3 /* model0.dat in Resources */,
				4A70A10E1DC7F773005A4F69 /* LaunchScreen.storyboard in Resources */,
				4A70A0F51DC7F425005A4F69 /* Assets.xcassets in Resources */,
			);
			runOnlyForDeploymentPostprocessing = 0;
		};
/* End PBXResourcesBuildPhase section */

/* Begin PBXSourcesBuildPhase section */
		4A70A0DD1DC7F425005A4F69 /* Sources */ = {
			isa = PBXSourcesBuildPhase;
			buildActionMask = 2147483647;
			files = (
				4A70A1031DC7F580005A4F69 /* AppDelegate.m in Sources */,
				4A70A1041DC7F580005A4F69 /* ARViewController.mm in Sources */,
				4A70A1021DC7F580005A4F69 /* main.m in Sources */,
				4A05E0391FDC1B8300C8B8B3 /* arosg.cpp in Sources */,
				4A05E0361FDC1B6F00C8B8B3 /* drawOSG.cpp in Sources */,
			);
			runOnlyForDeploymentPostprocessing = 0;
		};
/* End PBXSourcesBuildPhase section */

/* Begin PBXVariantGroup section */
		4A70A10A1DC7F773005A4F69 /* LaunchScreen.storyboard */ = {
			isa = PBXVariantGroup;
			children = (
				4A70A10B1DC7F773005A4F69 /* Base */,
			);
			name = LaunchScreen.storyboard;
			sourceTree = "<group>";
		};
		4A70A10C1DC7F773005A4F69 /* Main.storyboard */ = {
			isa = PBXVariantGroup;
			children = (
				4A70A10D1DC7F773005A4F69 /* Base */,
			);
			name = Main.storyboard;
			sourceTree = "<group>";
		};
/* End PBXVariantGroup section */

/* Begin XCBuildConfiguration section */
		4A70A0FA1DC7F425005A4F69 /* Debug */ = {
			isa = XCBuildConfiguration;
			buildSettings = {
				ALWAYS_SEARCH_USER_PATHS = NO;
				CLANG_ANALYZER_NONNULL = YES;
				CLANG_CXX_LANGUAGE_STANDARD = "c++0x";
				CLANG_CXX_LIBRARY = "libc++";
				CLANG_ENABLE_MODULES = YES;
				CLANG_ENABLE_OBJC_ARC = YES;
				CLANG_WARN_BLOCK_CAPTURE_AUTORELEASING = YES;
				CLANG_WARN_BOOL_CONVERSION = YES;
				CLANG_WARN_COMMA = YES;
				CLANG_WARN_CONSTANT_CONVERSION = YES;
				CLANG_WARN_DEPRECATED_OBJC_IMPLEMENTATIONS = YES;
				CLANG_WARN_DIRECT_OBJC_ISA_USAGE = YES_ERROR;
				CLANG_WARN_DOCUMENTATION_COMMENTS = NO;
				CLANG_WARN_EMPTY_BODY = YES;
				CLANG_WARN_ENUM_CONVERSION = YES;
				CLANG_WARN_INFINITE_RECURSION = YES;
				CLANG_WARN_INT_CONVERSION = YES;
				CLANG_WARN_NON_LITERAL_NULL_CONVERSION = YES;
				CLANG_WARN_OBJC_IMPLICIT_RETAIN_SELF = YES;
				CLANG_WARN_OBJC_LITERAL_CONVERSION = YES;
				CLANG_WARN_OBJC_ROOT_CLASS = YES_ERROR;
				CLANG_WARN_RANGE_LOOP_ANALYSIS = YES;
				CLANG_WARN_STRICT_PROTOTYPES = YES;
				CLANG_WARN_SUSPICIOUS_MOVE = YES;
				CLANG_WARN_SUSPICIOUS_MOVES = YES;
				CLANG_WARN_UNREACHABLE_CODE = YES;
				CLANG_WARN__DUPLICATE_METHOD_MATCH = YES;
				"CODE_SIGN_IDENTITY[sdk=iphoneos*]" = "iPhone Developer";
				COPY_PHASE_STRIP = NO;
				DEBUG_INFORMATION_FORMAT = dwarf;
				ENABLE_BITCODE = NO;
				ENABLE_STRICT_OBJC_MSGSEND = YES;
				ENABLE_TESTABILITY = YES;
				FRAMEWORK_SEARCH_PATHS = ../../../Source/depends/ios/Frameworks;
				GCC_C_LANGUAGE_STANDARD = gnu99;
				GCC_DYNAMIC_NO_PIC = NO;
				GCC_NO_COMMON_BLOCKS = YES;
				GCC_OPTIMIZATION_LEVEL = 0;
				GCC_PREPROCESSOR_DEFINITIONS = (
					ARX_TARGET_PLATFORM_IOS,
					"DEBUG=1",
					"$(inherited)",
				);
				GCC_WARN_64_TO_32_BIT_CONVERSION = YES;
				GCC_WARN_ABOUT_RETURN_TYPE = YES_ERROR;
				GCC_WARN_UNDECLARED_SELECTOR = YES;
				GCC_WARN_UNINITIALIZED_AUTOS = YES_AGGRESSIVE;
				GCC_WARN_UNUSED_FUNCTION = YES;
				GCC_WARN_UNUSED_VARIABLE = YES;
				HEADER_SEARCH_PATHS = ../../../SDK/include;
				IPHONEOS_DEPLOYMENT_TARGET = 8.0;
				LIBRARY_SEARCH_PATHS = (
					../../../SDK/lib,
					../../../Source/depends/ios/lib,
				);
				MTL_ENABLE_DEBUG_INFO = YES;
				ONLY_ACTIVE_ARCH = YES;
				SDKROOT = iphoneos;
				TARGETED_DEVICE_FAMILY = "1,2";
			};
			name = Debug;
		};
		4A70A0FB1DC7F425005A4F69 /* Release */ = {
			isa = XCBuildConfiguration;
			buildSettings = {
				ALWAYS_SEARCH_USER_PATHS = NO;
				CLANG_ANALYZER_NONNULL = YES;
				CLANG_CXX_LANGUAGE_STANDARD = "c++0x";
				CLANG_CXX_LIBRARY = "libc++";
				CLANG_ENABLE_MODULES = YES;
				CLANG_ENABLE_OBJC_ARC = YES;
				CLANG_WARN_BLOCK_CAPTURE_AUTORELEASING = YES;
				CLANG_WARN_BOOL_CONVERSION = YES;
				CLANG_WARN_COMMA = YES;
				CLANG_WARN_CONSTANT_CONVERSION = YES;
				CLANG_WARN_DEPRECATED_OBJC_IMPLEMENTATIONS = YES;
				CLANG_WARN_DIRECT_OBJC_ISA_USAGE = YES_ERROR;
				CLANG_WARN_DOCUMENTATION_COMMENTS = NO;
				CLANG_WARN_EMPTY_BODY = YES;
				CLANG_WARN_ENUM_CONVERSION = YES;
				CLANG_WARN_INFINITE_RECURSION = YES;
				CLANG_WARN_INT_CONVERSION = YES;
				CLANG_WARN_NON_LITERAL_NULL_CONVERSION = YES;
				CLANG_WARN_OBJC_IMPLICIT_RETAIN_SELF = YES;
				CLANG_WARN_OBJC_LITERAL_CONVERSION = YES;
				CLANG_WARN_OBJC_ROOT_CLASS = YES_ERROR;
				CLANG_WARN_RANGE_LOOP_ANALYSIS = YES;
				CLANG_WARN_STRICT_PROTOTYPES = YES;
				CLANG_WARN_SUSPICIOUS_MOVE = YES;
				CLANG_WARN_SUSPICIOUS_MOVES = YES;
				CLANG_WARN_UNREACHABLE_CODE = YES;
				CLANG_WARN__DUPLICATE_METHOD_MATCH = YES;
				"CODE_SIGN_IDENTITY[sdk=iphoneos*]" = "iPhone Developer";
				COPY_PHASE_STRIP = NO;
				DEBUG_INFORMATION_FORMAT = "dwarf-with-dsym";
				ENABLE_BITCODE = NO;
				ENABLE_NS_ASSERTIONS = NO;
				ENABLE_STRICT_OBJC_MSGSEND = YES;
				FRAMEWORK_SEARCH_PATHS = ../../../Source/depends/ios/Frameworks;
				GCC_C_LANGUAGE_STANDARD = gnu99;
				GCC_NO_COMMON_BLOCKS = YES;
				GCC_PREPROCESSOR_DEFINITIONS = (
					ARX_TARGET_PLATFORM_IOS,
					"$(inherited)",
				);
				GCC_WARN_64_TO_32_BIT_CONVERSION = YES;
				GCC_WARN_ABOUT_RETURN_TYPE = YES_ERROR;
				GCC_WARN_UNDECLARED_SELECTOR = YES;
				GCC_WARN_UNINITIALIZED_AUTOS = YES_AGGRESSIVE;
				GCC_WARN_UNUSED_FUNCTION = YES;
				GCC_WARN_UNUSED_VARIABLE = YES;
				HEADER_SEARCH_PATHS = ../../../SDK/include;
				IPHONEOS_DEPLOYMENT_TARGET = 8.0;
				LIBRARY_SEARCH_PATHS = (
					../../../SDK/lib,
					../../../Source/depends/ios/lib,
				);
				MTL_ENABLE_DEBUG_INFO = NO;
				SDKROOT = iphoneos;
				TARGETED_DEVICE_FAMILY = "1,2";
				VALIDATE_PRODUCT = YES;
			};
			name = Release;
		};
		4A70A0FD1DC7F425005A4F69 /* Debug */ = {
			isa = XCBuildConfiguration;
			buildSettings = {
				ASSETCATALOG_COMPILER_APPICON_NAME = AppIcon;
				"CODE_SIGN_IDENTITY[sdk=iphoneos*]" = "iPhone Developer";
				CODE_SIGN_STYLE = Automatic;
				DEVELOPMENT_TEAM = 7ER2WP8VB3;
				HEADER_SEARCH_PATHS = (
					"${inherited}",
					"$(PROJECT_DIR)/include",
				);
				INFOPLIST_FILE = Info.plist;
				LD_RUNPATH_SEARCH_PATHS = "$(inherited) @executable_path/Frameworks";
				LIBRARY_SEARCH_PATHS = (
					"$(inherited)",
					"$(PROJECT_DIR)/lib",
				);
				PRODUCT_BUNDLE_IDENTIFIER = "org.artoolkitx.arx.square-tracking-example-with-osg-ios";
				PRODUCT_NAME = "$(TARGET_NAME)";
				PROVISIONING_PROFILE_SPECIFIER = "";
				TARGETED_DEVICE_FAMILY = "1,2";
			};
			name = Debug;
		};
		4A70A0FE1DC7F425005A4F69 /* Release */ = {
			isa = XCBuildConfiguration;
			buildSettings = {
				ASSETCATALOG_COMPILER_APPICON_NAME = AppIcon;
				"CODE_SIGN_IDENTITY[sdk=iphoneos*]" = "iPhone Developer";
				CODE_SIGN_STYLE = Automatic;
				DEVELOPMENT_TEAM = 7ER2WP8VB3;
				HEADER_SEARCH_PATHS = (
					"${inherited}",
					"$(PROJECT_DIR)/include",
				);
				INFOPLIST_FILE = Info.plist;
				LD_RUNPATH_SEARCH_PATHS = "$(inherited) @executable_path/Frameworks";
				LIBRARY_SEARCH_PATHS = (
					"$(inherited)",
					"$(PROJECT_DIR)/lib",
				);
				PRODUCT_BUNDLE_IDENTIFIER = "org.artoolkitx.arx.square-tracking-example-with-osg-ios";
				PRODUCT_NAME = "$(TARGET_NAME)";
				PROVISIONING_PROFILE_SPECIFIER = "";
				TARGETED_DEVICE_FAMILY = "1,2";
			};
			name = Release;
		};
/* End XCBuildConfiguration section */

/* Begin XCConfigurationList section */
		4A70A0DC1DC7F425005A4F69 /* Build configuration list for PBXProject "artoolkitX Square Tracking Example with OSG" */ = {
			isa = XCConfigurationList;
			buildConfigurations = (
				4A70A0FA1DC7F425005A4F69 /* Debug */,
				4A70A0FB1DC7F425005A4F69 /* Release */,
			);
			defaultConfigurationIsVisible = 0;
			defaultConfigurationName = Release;
		};
		4A70A0FC1DC7F425005A4F69 /* Build configuration list for PBXNativeTarget "artoolkitX Square Tracking Example with OSG" */ = {
			isa = XCConfigurationList;
			buildConfigurations = (
				4A70A0FD1DC7F425005A4F69 /* Debug */,
				4A70A0FE1DC7F425005A4F69 /* Release */,
			);
			defaultConfigurationIsVisible = 0;
			defaultConfigurationName = Release;
		};
/* End XCConfigurationList section */
	};
	rootObject = 4A70A0D91DC7F425005A4F69 /* Project object */;
}
