// !$*UTF8*$!
{
	archiveVersion = 1;
	classes = {
	};
	objectVersion = 47;
	objects = {

/* Begin PBXBuildFile section */
		4A5047021DB4457D002C7904 /* ARX.framework in Embed Frameworks */ = {isa = PBXBuildFile; fileRef = 4A5046FE1DB441C6002C7904 /* ARX.framework */; settings = {ATTRIBUTES = (CodeSignOnCopy, RemoveHeadersOnCopy, ); }; };
		4A5047041DB4457D002C7904 /* SDL2.framework in Embed Frameworks */ = {isa = PBXBuildFile; fileRef = 4ADF1CDD1DAEFD0200BF20FF /* SDL2.framework */; settings = {ATTRIBUTES = (CodeSignOnCopy, RemoveHeadersOnCopy, ); }; };
		4A5047051DB44596002C7904 /* ARX.framework in Frameworks */ = {isa = PBXBuildFile; fileRef = 4A5046FE1DB441C6002C7904 /* ARX.framework */; };
		4A5047061DB44598002C7904 /* SDL2.framework in Frameworks */ = {isa = PBXBuildFile; fileRef = 4ADF1CDD1DAEFD0200BF20FF /* SDL2.framework */; };
		4A5047081DB4476D002C7904 /* OpenGL.framework in Frameworks */ = {isa = PBXBuildFile; fileRef = 4A5047071DB4476D002C7904 /* OpenGL.framework */; };
		4AC06DF01F7372BD00CCBEF6 /* hiro.patt in Resources */ = {isa = PBXBuildFile; fileRef = 4AC06DEE1F7372BD00CCBEF6 /* hiro.patt */; };
		4AC06DF11F7372BD00CCBEF6 /* kanji.patt in Resources */ = {isa = PBXBuildFile; fileRef = 4AC06DEF1F7372BD00CCBEF6 /* kanji.patt */; };
		4ADF1CC61DAEFA6B00BF20FF /* Assets.xcassets in Resources */ = {isa = PBXBuildFile; fileRef = 4ADF1CC51DAEFA6B00BF20FF /* Assets.xcassets */; };
		4ADF1CD61DAEFC8A00BF20FF /* draw.cpp in Sources */ = {isa = PBXBuildFile; fileRef = 4ADF1CD11DAEFC8A00BF20FF /* draw.cpp */; };
		4ADF1CDA1DAEFC8A00BF20FF /* main.cpp in Sources */ = {isa = PBXBuildFile; fileRef = 4ADF1CD51DAEFC8A00BF20FF /* main.cpp */; };
/* End PBXBuildFile section */

/* Begin PBXCopyFilesBuildPhase section */
		4ADF1CE31DAEFD7200BF20FF /* Embed Frameworks */ = {
			isa = PBXCopyFilesBuildPhase;
			buildActionMask = 2147483647;
			dstPath = "";
			dstSubfolderSpec = 10;
			files = (
				4A5047021DB4457D002C7904 /* ARX.framework in Embed Frameworks */,
				4A5047041DB4457D002C7904 /* SDL2.framework in Embed Frameworks */,
			);
			name = "Embed Frameworks";
			runOnlyForDeploymentPostprocessing = 0;
		};
/* End PBXCopyFilesBuildPhase section */

/* Begin PBXFileReference section */
		4A5046FE1DB441C6002C7904 /* ARX.framework */ = {isa = PBXFileReference; lastKnownFileType = wrapper.framework; name = ARX.framework; path = ../../../SDK/Frameworks/ARX.framework; sourceTree = "<group>"; };
		4A5047071DB4476D002C7904 /* OpenGL.framework */ = {isa = PBXFileReference; lastKnownFileType = wrapper.framework; name = OpenGL.framework; path = System/Library/Frameworks/OpenGL.framework; sourceTree = SDKROOT; };
		4AC06DEE1F7372BD00CCBEF6 /* hiro.patt */ = {isa = PBXFileReference; fileEncoding = 4; lastKnownFileType = text; name = hiro.patt; path = ../hiro.patt; sourceTree = "<group>"; };
		4AC06DEF1F7372BD00CCBEF6 /* kanji.patt */ = {isa = PBXFileReference; fileEncoding = 4; lastKnownFileType = text; name = kanji.patt; path = ../kanji.patt; sourceTree = "<group>"; };
		4ADF1CBC1DAEFA6B00BF20FF /* artoolkitX Square Tracking Example.app */ = {isa = PBXFileReference; explicitFileType = wrapper.application; includeInIndex = 0; path = "artoolkitX Square Tracking Example.app"; sourceTree = BUILT_PRODUCTS_DIR; };
		4ADF1CC51DAEFA6B00BF20FF /* Assets.xcassets */ = {isa = PBXFileReference; lastKnownFileType = folder.assetcatalog; path = Assets.xcassets; sourceTree = "<group>"; };
		4ADF1CCA1DAEFA6B00BF20FF /* Info.plist */ = {isa = PBXFileReference; lastKnownFileType = text.plist.xml; path = Info.plist; sourceTree = "<group>"; };
		4ADF1CD01DAEFC8A00BF20FF /* draw.h */ = {isa = PBXFileReference; fileEncoding = 4; lastKnownFileType = sourcecode.c.h; name = draw.h; path = ../draw.h; sourceTree = "<group>"; };
		4ADF1CD11DAEFC8A00BF20FF /* draw.cpp */ = {isa = PBXFileReference; fileEncoding = 4; lastKnownFileType = sourcecode.cpp.cpp; name = draw.cpp; path = ../draw.cpp; sourceTree = "<group>"; };
		4ADF1CD51DAEFC8A00BF20FF /* main.cpp */ = {isa = PBXFileReference; fileEncoding = 4; lastKnownFileType = sourcecode.cpp.cpp; name = main.cpp; path = ../main.cpp; sourceTree = "<group>"; };
		4ADF1CDD1DAEFD0200BF20FF /* SDL2.framework */ = {isa = PBXFileReference; lastKnownFileType = wrapper.framework; name = SDL2.framework; path = ../../../Source/depends/macos/Frameworks/SDL2.framework; sourceTree = "<group>"; };
/* End PBXFileReference section */

/* Begin PBXFrameworksBuildPhase section */
		4ADF1CB91DAEFA6B00BF20FF /* Frameworks */ = {
			isa = PBXFrameworksBuildPhase;
			buildActionMask = 2147483647;
			files = (
				4A5047081DB4476D002C7904 /* OpenGL.framework in Frameworks */,
				4A5047051DB44596002C7904 /* ARX.framework in Frameworks */,
				4A5047061DB44598002C7904 /* SDL2.framework in Frameworks */,
			);
			runOnlyForDeploymentPostprocessing = 0;
		};
/* End PBXFrameworksBuildPhase section */

/* Begin PBXGroup section */
		4ADF1CB31DAEFA6B00BF20FF = {
			isa = PBXGroup;
			children = (
				4ADF1CDB1DAEFCAB00BF20FF /* Source */,
				4ADF1CDC1DAEFCB900BF20FF /* Resources */,
				4ADF1CE01DAEFD4700BF20FF /* Frameworks */,
				4ADF1CDF1DAEFD1E00BF20FF /* Supporting files */,
				4ADF1CBD1DAEFA6B00BF20FF /* Products */,
			);
			sourceTree = "<group>";
		};
		4ADF1CBD1DAEFA6B00BF20FF /* Products */ = {
			isa = PBXGroup;
			children = (
				4ADF1CBC1DAEFA6B00BF20FF /* artoolkitX Square Tracking Example.app */,
			);
			name = Products;
			sourceTree = "<group>";
		};
		4ADF1CDB1DAEFCAB00BF20FF /* Source */ = {
			isa = PBXGroup;
			children = (
				4ADF1CD51DAEFC8A00BF20FF /* main.cpp */,
				4ADF1CD01DAEFC8A00BF20FF /* draw.h */,
				4ADF1CD11DAEFC8A00BF20FF /* draw.cpp */,
			);
			name = Source;
			sourceTree = "<group>";
		};
		4ADF1CDC1DAEFCB900BF20FF /* Resources */ = {
			isa = PBXGroup;
			children = (
				4AC06DEE1F7372BD00CCBEF6 /* hiro.patt */,
				4AC06DEF1F7372BD00CCBEF6 /* kanji.patt */,
			);
			name = Resources;
			sourceTree = "<group>";
		};
		4ADF1CDF1DAEFD1E00BF20FF /* Supporting files */ = {
			isa = PBXGroup;
			children = (
				4ADF1CC51DAEFA6B00BF20FF /* Assets.xcassets */,
				4ADF1CCA1DAEFA6B00BF20FF /* Info.plist */,
			);
			name = "Supporting files";
			sourceTree = "<group>";
		};
		4ADF1CE01DAEFD4700BF20FF /* Frameworks */ = {
			isa = PBXGroup;
			children = (
				4A5046FE1DB441C6002C7904 /* ARX.framework */,
				4A5047071DB4476D002C7904 /* OpenGL.framework */,
				4ADF1CDD1DAEFD0200BF20FF /* SDL2.framework */,
			);
			name = Frameworks;
			sourceTree = "<group>";
		};
/* End PBXGroup section */

/* Begin PBXNativeTarget section */
		4ADF1CBB1DAEFA6B00BF20FF /* artoolkitX Square Tracking Example */ = {
			isa = PBXNativeTarget;
			buildConfigurationList = 4ADF1CCD1DAEFA6B00BF20FF /* Build configuration list for PBXNativeTarget "artoolkitX Square Tracking Example" */;
			buildPhases = (
				4ADF1CB81DAEFA6B00BF20FF /* Sources */,
				4ADF1CB91DAEFA6B00BF20FF /* Frameworks */,
				4ADF1CBA1DAEFA6B00BF20FF /* Resources */,
				4ADF1CE31DAEFD7200BF20FF /* Embed Frameworks */,
			);
			buildRules = (
			);
			dependencies = (
			);
			name = "artoolkitX Square Tracking Example";
			productName = "artoolkitX Tracking Example";
			productReference = 4ADF1CBC1DAEFA6B00BF20FF /* artoolkitX Square Tracking Example.app */;
			productType = "com.apple.product-type.application";
		};
/* End PBXNativeTarget section */

/* Begin PBXProject section */
		4ADF1CB41DAEFA6B00BF20FF /* Project object */ = {
			isa = PBXProject;
			attributes = {
				LastUpgradeCheck = 0930;
				ORGANIZATIONNAME = artoolkit.org;
				TargetAttributes = {
					4ADF1CBB1DAEFA6B00BF20FF = {
						CreatedOnToolsVersion = 8.0;
						DevelopmentTeam = 7ER2WP8VB3;
						ProvisioningStyle = Automatic;
					};
				};
			};
			buildConfigurationList = 4ADF1CB71DAEFA6B00BF20FF /* Build configuration list for PBXProject "artoolkitX Square Tracking Example" */;
			compatibilityVersion = "Xcode 6.3";
			developmentRegion = English;
			hasScannedForEncodings = 0;
			knownRegions = (
				en,
				Base,
			);
			mainGroup = 4ADF1CB31DAEFA6B00BF20FF;
			productRefGroup = 4ADF1CBD1DAEFA6B00BF20FF /* Products */;
			projectDirPath = "";
			projectRoot = "";
			targets = (
				4ADF1CBB1DAEFA6B00BF20FF /* artoolkitX Square Tracking Example */,
			);
		};
/* End PBXProject section */

/* Begin PBXResourcesBuildPhase section */
		4ADF1CBA1DAEFA6B00BF20FF /* Resources */ = {
			isa = PBXResourcesBuildPhase;
			buildActionMask = 2147483647;
			files = (
				4AC06DF01F7372BD00CCBEF6 /* hiro.patt in Resources */,
				4ADF1CC61DAEFA6B00BF20FF /* Assets.xcassets in Resources */,
				4AC06DF11F7372BD00CCBEF6 /* kanji.patt in Resources */,
			);
			runOnlyForDeploymentPostprocessing = 0;
		};
/* End PBXResourcesBuildPhase section */

/* Begin PBXSourcesBuildPhase section */
		4ADF1CB81DAEFA6B00BF20FF /* Sources */ = {
			isa = PBXSourcesBuildPhase;
			buildActionMask = 2147483647;
			files = (
				4ADF1CDA1DAEFC8A00BF20FF /* main.cpp in Sources */,
				4ADF1CD61DAEFC8A00BF20FF /* draw.cpp in Sources */,
			);
			runOnlyForDeploymentPostprocessing = 0;
		};
/* End PBXSourcesBuildPhase section */

/* Begin XCBuildConfiguration section */
		4ADF1CCB1DAEFA6B00BF20FF /* Debug */ = {
			isa = XCBuildConfiguration;
			buildSettings = {
				ALWAYS_SEARCH_USER_PATHS = NO;
				CLANG_ANALYZER_NONNULL = YES;
				CLANG_CXX_LANGUAGE_STANDARD = "gnu++0x";
				CLANG_CXX_LIBRARY = "libc++";
				CLANG_ENABLE_MODULES = YES;
				CLANG_ENABLE_OBJC_ARC = YES;
				CLANG_WARN_BLOCK_CAPTURE_AUTORELEASING = YES;
				CLANG_WARN_BOOL_CONVERSION = YES;
				CLANG_WARN_COMMA = YES;
				CLANG_WARN_CONSTANT_CONVERSION = YES;
				CLANG_WARN_DEPRECATED_OBJC_IMPLEMENTATIONS = YES;
				CLANG_WARN_DIRECT_OBJC_ISA_USAGE = YES_ERROR;
				CLANG_WARN_DOCUMENTATION_COMMENTS = NO;
				CLANG_WARN_EMPTY_BODY = YES;
				CLANG_WARN_ENUM_CONVERSION = YES;
				CLANG_WARN_INFINITE_RECURSION = YES;
				CLANG_WARN_INT_CONVERSION = YES;
				CLANG_WARN_NON_LITERAL_NULL_CONVERSION = YES;
				CLANG_WARN_OBJC_IMPLICIT_RETAIN_SELF = YES;
				CLANG_WARN_OBJC_LITERAL_CONVERSION = YES;
				CLANG_WARN_OBJC_ROOT_CLASS = YES_ERROR;
				CLANG_WARN_RANGE_LOOP_ANALYSIS = YES;
				CLANG_WARN_STRICT_PROTOTYPES = YES;
				CLANG_WARN_SUSPICIOUS_MOVE = YES;
				CLANG_WARN_SUSPICIOUS_MOVES = YES;
				CLANG_WARN_UNREACHABLE_CODE = YES;
				CLANG_WARN__DUPLICATE_METHOD_MATCH = YES;
				CODE_SIGN_IDENTITY = "-";
				COPY_PHASE_STRIP = NO;
				DEBUG_INFORMATION_FORMAT = dwarf;
				ENABLE_STRICT_OBJC_MSGSEND = YES;
				ENABLE_TESTABILITY = YES;
				FRAMEWORK_SEARCH_PATHS = (
					../../../SDK/Frameworks/,
					../../../Source/depends/macos/Frameworks/,
				);
				GCC_C_LANGUAGE_STANDARD = gnu99;
				GCC_DYNAMIC_NO_PIC = NO;
				GCC_NO_COMMON_BLOCKS = YES;
				GCC_OPTIMIZATION_LEVEL = 0;
				GCC_PREPROCESSOR_DEFINITIONS = (
					ARX_TARGET_PLATFORM_MACOS,
					"DEBUG=1",
					"$(inherited)",
				);
				GCC_WARN_64_TO_32_BIT_CONVERSION = YES;
				GCC_WARN_ABOUT_RETURN_TYPE = YES_ERROR;
				GCC_WARN_UNDECLARED_SELECTOR = YES;
				GCC_WARN_UNINITIALIZED_AUTOS = YES_AGGRESSIVE;
				GCC_WARN_UNUSED_FUNCTION = YES;
				GCC_WARN_UNUSED_VARIABLE = YES;
				MACOSX_DEPLOYMENT_TARGET = 10.9;
				MTL_ENABLE_DEBUG_INFO = YES;
				ONLY_ACTIVE_ARCH = YES;
				SDKROOT = macosx;
			};
			name = Debug;
		};
		4ADF1CCC1DAEFA6B00BF20FF /* Release */ = {
			isa = XCBuildConfiguration;
			buildSettings = {
				ALWAYS_SEARCH_USER_PATHS = NO;
				CLANG_ANALYZER_NONNULL = YES;
				CLANG_CXX_LANGUAGE_STANDARD = "gnu++0x";
				CLANG_CXX_LIBRARY = "libc++";
				CLANG_ENABLE_MODULES = YES;
				CLANG_ENABLE_OBJC_ARC = YES;
				CLANG_WARN_BLOCK_CAPTURE_AUTORELEASING = YES;
				CLANG_WARN_BOOL_CONVERSION = YES;
				CLANG_WARN_COMMA = YES;
				CLANG_WARN_CONSTANT_CONVERSION = YES;
				CLANG_WARN_DEPRECATED_OBJC_IMPLEMENTATIONS = YES;
				CLANG_WARN_DIRECT_OBJC_ISA_USAGE = YES_ERROR;
				CLANG_WARN_DOCUMENTATION_COMMENTS = NO;
				CLANG_WARN_EMPTY_BODY = YES;
				CLANG_WARN_ENUM_CONVERSION = YES;
				CLANG_WARN_INFINITE_RECURSION = YES;
				CLANG_WARN_INT_CONVERSION = YES;
				CLANG_WARN_NON_LITERAL_NULL_CONVERSION = YES;
				CLANG_WARN_OBJC_IMPLICIT_RETAIN_SELF = YES;
				CLANG_WARN_OBJC_LITERAL_CONVERSION = YES;
				CLANG_WARN_OBJC_ROOT_CLASS = YES_ERROR;
				CLANG_WARN_RANGE_LOOP_ANALYSIS = YES;
				CLANG_WARN_STRICT_PROTOTYPES = YES;
				CLANG_WARN_SUSPICIOUS_MOVE = YES;
				CLANG_WARN_SUSPICIOUS_MOVES = YES;
				CLANG_WARN_UNREACHABLE_CODE = YES;
				CLANG_WARN__DUPLICATE_METHOD_MATCH = YES;
				CODE_SIGN_IDENTITY = "-";
				COPY_PHASE_STRIP = NO;
				DEBUG_INFORMATION_FORMAT = "dwarf-with-dsym";
				ENABLE_NS_ASSERTIONS = NO;
				ENABLE_STRICT_OBJC_MSGSEND = YES;
				FRAMEWORK_SEARCH_PATHS = (
					../../../SDK/Frameworks/,
					../../../Source/depends/macos/Frameworks/,
				);
				GCC_C_LANGUAGE_STANDARD = gnu99;
				GCC_NO_COMMON_BLOCKS = YES;
				GCC_PREPROCESSOR_DEFINITIONS = (
					ARX_TARGET_PLATFORM_MACOS,
					"$(inherited)",
				);
				GCC_WARN_64_TO_32_BIT_CONVERSION = YES;
				GCC_WARN_ABOUT_RETURN_TYPE = YES_ERROR;
				GCC_WARN_UNDECLARED_SELECTOR = YES;
				GCC_WARN_UNINITIALIZED_AUTOS = YES_AGGRESSIVE;
				GCC_WARN_UNUSED_FUNCTION = YES;
				GCC_WARN_UNUSED_VARIABLE = YES;
				MACOSX_DEPLOYMENT_TARGET = 10.9;
				MTL_ENABLE_DEBUG_INFO = NO;
				SDKROOT = macosx;
			};
			name = Release;
		};
		4ADF1CCE1DAEFA6B00BF20FF /* Debug */ = {
			isa = XCBuildConfiguration;
			buildSettings = {
				ASSETCATALOG_COMPILER_APPICON_NAME = AppIcon;
				CODE_SIGN_IDENTITY = "Mac Developer";
				CODE_SIGN_STYLE = Automatic;
				COMBINE_HIDPI_IMAGES = YES;
				DEPLOYMENT_LOCATION = YES;
				DEVELOPMENT_TEAM = 7ER2WP8VB3;
				DSTROOT = ../..;
				INFOPLIST_FILE = Info.plist;
				INSTALL_PATH = /;
				LD_RUNPATH_SEARCH_PATHS = "$(inherited) @executable_path/../Frameworks";
				MACOSX_DEPLOYMENT_TARGET = 10.7;
				PRODUCT_BUNDLE_IDENTIFIER = "org.artoolkitx.arx.example.square-tracking-example-macos";
				PRODUCT_NAME = "$(TARGET_NAME)";
				PROVISIONING_PROFILE = "";
				PROVISIONING_PROFILE_SPECIFIER = "";
			};
			name = Debug;
		};
		4ADF1CCF1DAEFA6B00BF20FF /* Release */ = {
			isa = XCBuildConfiguration;
			buildSettings = {
				ASSETCATALOG_COMPILER_APPICON_NAME = AppIcon;
				CODE_SIGN_IDENTITY = "Mac Developer";
				CODE_SIGN_STYLE = Automatic;
				COMBINE_HIDPI_IMAGES = YES;
				DEPLOYMENT_LOCATION = YES;
				DEVELOPMENT_TEAM = 7ER2WP8VB3;
				DSTROOT = ../..;
				INFOPLIST_FILE = Info.plist;
				INSTALL_PATH = /;
				LD_RUNPATH_SEARCH_PATHS = "$(inherited) @executable_path/../Frameworks";
				MACOSX_DEPLOYMENT_TARGET = 10.7;
				PRODUCT_BUNDLE_IDENTIFIER = "org.artoolkitx.arx.example.square-tracking-example-macos";
				PRODUCT_NAME = "$(TARGET_NAME)";
				PROVISIONING_PROFILE = "";
				PROVISIONING_PROFILE_SPECIFIER = "";
			};
			name = Release;
		};
/* End XCBuildConfiguration section */

/* Begin XCConfigurationList section */
		4ADF1CB71DAEFA6B00BF20FF /* Build configuration list for PBXProject "artoolkitX Square Tracking Example" */ = {
			isa = XCConfigurationList;
			buildConfigurations = (
				4ADF1CCB1DAEFA6B00BF20FF /* Debug */,
				4ADF1CCC1DAEFA6B00BF20FF /* Release */,
			);
			defaultConfigurationIsVisible = 0;
			defaultConfigurationName = Release;
		};
		4ADF1CCD1DAEFA6B00BF20FF /* Build configuration list for PBXNativeTarget "artoolkitX Square Tracking Example" */ = {
			isa = XCConfigurationList;
			buildConfigurations = (
				4ADF1CCE1DAEFA6B00BF20FF /* Debug */,
				4ADF1CCF1DAEFA6B00BF20FF /* Release */,
			);
			defaultConfigurationIsVisible = 0;
			defaultConfigurationName = Release;
		};
/* End XCConfigurationList section */
	};
	rootObject = 4ADF1CB41DAEFA6B00BF20FF /* Project object */;
}
